<?xml version="1.0" encoding="utf-8"?>
<Project ToolsVersion="4.0" xmlns="http://schemas.microsoft.com/developer/msbuild/2003">
  <ItemGroup>
    <CustomBuild Include="Application.cpp">
    </CustomBuild>
    <CustomBuild Include="Application.h">
    </CustomBuild>
    <CustomBuild Include="ApplicationBase.cpp">
    </CustomBuild>
    <CustomBuild Include="ApplicationBase.h">
    </CustomBuild>
    <CustomBuild Include="ApplicationConsole.cpp">
    </CustomBuild>
    <CustomBuild Include="ApplicationConsole.h">
    </CustomBuild>
    <CustomBuild Include="ApplicationWindow.cpp">
    </CustomBuild>
    <CustomBuild Include="ApplicationWindow.h">
    </CustomBuild>
    <CustomBuild Include="fbuild.bff">
    </CustomBuild>
    <CustomBuild Include="stdafx.cpp">
    </CustomBuild>
    <CustomBuild Include="stdafx.h">
    </CustomBuild>
    <CustomBuild Include="targetver.h">
    </CustomBuild>
  </ItemGroup>
</Project>