<?xml version="1.0" encoding="utf-8"?>
<Project ToolsVersion="4.0" xmlns="http://schemas.microsoft.com/developer/msbuild/2003">
  <ItemGroup>
    <CustomBuild Include="Input\Camera\KeyboardMouseCameraController.cpp">
      <Filter>Input\Camera</Filter>
    </CustomBuild>
    <CustomBuild Include="Input\Camera\KeyboardMouseCameraController.h">
      <Filter>Input\Camera</Filter>
    </CustomBuild>
    <CustomBuild Include="Input\State\KeyboardInputHandler.cpp">
      <Filter>Input\State</Filter>
    </CustomBuild>
    <CustomBuild Include="Input\State\KeyboardInputHandler.h">
      <Filter>Input\State</Filter>
    </CustomBuild>
    <CustomBuild Include="Input\State\KeyboardKey.cpp">
      <Filter>Input\State</Filter>
    </CustomBuild>
    <CustomBuild Include="Input\State\KeyboardKey.h">
      <Filter>Input\State</Filter>
    </CustomBuild>
    <CustomBuild Include="Input\State\MouseButton.cpp">
      <Filter>Input\State</Filter>
    </CustomBuild>
    <CustomBuild Include="Input\State\MouseButton.h">
      <Filter>Input\State</Filter>
    </CustomBuild>
    <CustomBuild Include="Input\State\MouseInputHandler.cpp">
      <Filter>Input\State</Filter>
    </CustomBuild>
    <CustomBuild Include="Input\State\MouseInputHandler.h">
      <Filter>Input\State</Filter>
    </CustomBuild>
    <CustomBuild Include="Input\InputState-inl.h">
      <Filter>Input</Filter>
    </CustomBuild>
    <CustomBuild Include="Input\InputState.h">
      <Filter>Input</Filter>
    </CustomBuild>
    <CustomBuild Include="Application.cpp">
    </CustomBuild>
    <CustomBuild Include="Application.h">
    </CustomBuild>
    <CustomBuild Include="ApplicationBase.cpp">
    </CustomBuild>
    <CustomBuild Include="ApplicationBase.h">
    </CustomBuild>
    <CustomBuild Include="ApplicationConsole.cpp">
    </CustomBuild>
    <CustomBuild Include="ApplicationConsole.h">
    </CustomBuild>
    <CustomBuild Include="ApplicationWindow.cpp">
    </CustomBuild>
    <CustomBuild Include="ApplicationWindow.h">
    </CustomBuild>
    <CustomBuild Include="fbuild.bff">
    </CustomBuild>
    <CustomBuild Include="stdafx.cpp">
    </CustomBuild>
    <CustomBuild Include="stdafx.h">
    </CustomBuild>
    <CustomBuild Include="targetver.h">
    </CustomBuild>
  </ItemGroup>
  <ItemGroup>
    <Filter Include="Input\Camera">
      <UniqueIdentifier>{d9dda30b-6c94-4f93-bc2a-7f5284b7d434}</UniqueIdentifier>
    </Filter>
  </ItemGroup>
  <ItemGroup>
    <Filter Include="Input">
      <UniqueIdentifier>{19e91dd3-6c94-4f93-bc2a-7f5284b7d434}</UniqueIdentifier>
    </Filter>
  </ItemGroup>
  <ItemGroup>
    <Filter Include="Input\State">
      <UniqueIdentifier>{daa4c832-6c94-4f93-bc2a-7f5284b7d434}</UniqueIdentifier>
    </Filter>
  </ItemGroup>
</Project>