<?xml version="1.0" encoding="utf-8"?>
<Project ToolsVersion="4.0" xmlns="http://schemas.microsoft.com/developer/msbuild/2003">
  <ItemGroup>
    <CustomBuild Include="ContentIdentity.cpp">
    </CustomBuild>
    <CustomBuild Include="ContentIdentity.h">
    </CustomBuild>
    <CustomBuild Include="ContentPipeline.cpp">
    </CustomBuild>
    <CustomBuild Include="ContentPipeline.h">
    </CustomBuild>
    <CustomBuild Include="Core.ContentPipeline.bff">
    </CustomBuild>
    <CustomBuild Include="Exceptions.h">
    </CustomBuild>
    <CustomBuild Include="FileIdentifier.cpp">
    </CustomBuild>
    <CustomBuild Include="FileIdentifier.h">
    </CustomBuild>
    <CustomBuild Include="IContentImporter.h">
    </CustomBuild>
    <CustomBuild Include="stdafx.cpp">
    </CustomBuild>
    <CustomBuild Include="stdafx.h">
    </CustomBuild>
    <CustomBuild Include="targetver.h">
    </CustomBuild>
  </ItemGroup>
</Project>