<?xml version="1.0" encoding="utf-8"?>
<Project ToolsVersion="4.0" xmlns="http://schemas.microsoft.com/developer/msbuild/2003">
  <ItemGroup>
    <CustomBuild Include="ContentFilter.cpp">
    </CustomBuild>
    <CustomBuild Include="ContentFilter.h">
    </CustomBuild>
    <CustomBuild Include="ContentIdentity.cpp">
    </CustomBuild>
    <CustomBuild Include="ContentIdentity.h">
    </CustomBuild>
    <CustomBuild Include="ContentImporter.cpp">
    </CustomBuild>
    <CustomBuild Include="ContentImporter.h">
    </CustomBuild>
    <CustomBuild Include="ContentPipeline.cpp">
    </CustomBuild>
    <CustomBuild Include="ContentPipeline.h">
    </CustomBuild>
    <CustomBuild Include="ContentPipelineNode.cpp">
    </CustomBuild>
    <CustomBuild Include="ContentPipelineNode.h">
    </CustomBuild>
    <CustomBuild Include="ContentProcessor.cpp">
    </CustomBuild>
    <CustomBuild Include="ContentProcessor.h">
    </CustomBuild>
    <CustomBuild Include="ContentSerializer.cpp">
    </CustomBuild>
    <CustomBuild Include="ContentSerializer.h">
    </CustomBuild>
    <CustomBuild Include="ContentToolchain.cpp">
    </CustomBuild>
    <CustomBuild Include="ContentToolchain.h">
    </CustomBuild>
    <CustomBuild Include="Core.ContentPipeline.bff">
    </CustomBuild>
    <CustomBuild Include="Exceptions.cpp">
    </CustomBuild>
    <CustomBuild Include="Exceptions.h">
    </CustomBuild>
    <CustomBuild Include="ExternalReference.h">
    </CustomBuild>
    <CustomBuild Include="stdafx.cpp">
    </CustomBuild>
    <CustomBuild Include="stdafx.h">
    </CustomBuild>
    <CustomBuild Include="targetver.h">
    </CustomBuild>
  </ItemGroup>
</Project>