<?xml version="1.0" encoding="utf-8"?>
<Project ToolsVersion="4.0" xmlns="http://schemas.microsoft.com/developer/msbuild/2003">
  <ItemGroup>
    <CustomBuild Include="Allocator\Alloca.cpp">
      <Filter>Allocator</Filter>
    </CustomBuild>
    <CustomBuild Include="Allocator\Alloca.h">
      <Filter>Allocator</Filter>
    </CustomBuild>
    <CustomBuild Include="Allocator\Allocation.h">
      <Filter>Allocator</Filter>
    </CustomBuild>
    <CustomBuild Include="Allocator\AllocatorBase.h">
      <Filter>Allocator</Filter>
    </CustomBuild>
    <CustomBuild Include="Allocator\BuddyAllocator.h">
      <Filter>Allocator</Filter>
    </CustomBuild>
    <CustomBuild Include="Allocator\BuddyHeap.cpp">
      <Filter>Allocator</Filter>
    </CustomBuild>
    <CustomBuild Include="Allocator\BuddyHeap.h">
      <Filter>Allocator</Filter>
    </CustomBuild>
    <CustomBuild Include="Allocator\Heap-inl.h">
      <Filter>Allocator</Filter>
    </CustomBuild>
    <CustomBuild Include="Allocator\Heap.cpp">
      <Filter>Allocator</Filter>
    </CustomBuild>
    <CustomBuild Include="Allocator\Heap.h">
      <Filter>Allocator</Filter>
    </CustomBuild>
    <CustomBuild Include="Allocator\HeapAllocator.h">
      <Filter>Allocator</Filter>
    </CustomBuild>
    <CustomBuild Include="Allocator\InSituAllocator.h">
      <Filter>Allocator</Filter>
    </CustomBuild>
    <CustomBuild Include="Allocator\Malloc.cpp">
      <Filter>Allocator</Filter>
    </CustomBuild>
    <CustomBuild Include="Allocator\Malloc.h">
      <Filter>Allocator</Filter>
    </CustomBuild>
    <CustomBuild Include="Allocator\Mallocator.h">
      <Filter>Allocator</Filter>
    </CustomBuild>
    <CustomBuild Include="Allocator\New.cpp">
      <Filter>Allocator</Filter>
    </CustomBuild>
    <CustomBuild Include="Allocator\New.h">
      <Filter>Allocator</Filter>
    </CustomBuild>
    <CustomBuild Include="Allocator\NodeBasedContainerAllocator.cpp">
      <Filter>Allocator</Filter>
    </CustomBuild>
    <CustomBuild Include="Allocator\NodeBasedContainerAllocator.h">
      <Filter>Allocator</Filter>
    </CustomBuild>
    <CustomBuild Include="Allocator\PoolAllocator-impl.h">
      <Filter>Allocator</Filter>
    </CustomBuild>
    <CustomBuild Include="Allocator\PoolAllocator.h">
      <Filter>Allocator</Filter>
    </CustomBuild>
    <CustomBuild Include="Allocator\PoolAllocatorTag-impl.h">
      <Filter>Allocator</Filter>
    </CustomBuild>
    <CustomBuild Include="Allocator\PoolAllocatorTag.cpp">
      <Filter>Allocator</Filter>
    </CustomBuild>
    <CustomBuild Include="Allocator\PoolAllocatorTag.h">
      <Filter>Allocator</Filter>
    </CustomBuild>
    <CustomBuild Include="Allocator\SingletonPoolAllocator.h">
      <Filter>Allocator</Filter>
    </CustomBuild>
    <CustomBuild Include="Allocator\ThreadLocalAllocator.h">
      <Filter>Allocator</Filter>
    </CustomBuild>
    <CustomBuild Include="Allocator\ThreadLocalHeap.cpp">
      <Filter>Allocator</Filter>
    </CustomBuild>
    <CustomBuild Include="Allocator\ThreadLocalHeap.h">
      <Filter>Allocator</Filter>
    </CustomBuild>
    <CustomBuild Include="Allocator\TrackingAllocator.h">
      <Filter>Allocator</Filter>
    </CustomBuild>
    <CustomBuild Include="Color\Color-inl.h">
      <Filter>Color</Filter>
    </CustomBuild>
    <CustomBuild Include="Color\Color.cpp">
      <Filter>Color</Filter>
    </CustomBuild>
    <CustomBuild Include="Color\Color.h">
      <Filter>Color</Filter>
    </CustomBuild>
    <CustomBuild Include="Color\Color_fwd.h">
      <Filter>Color</Filter>
    </CustomBuild>
    <CustomBuild Include="Container\AssociativeVector-inl.h">
      <Filter>Container</Filter>
    </CustomBuild>
    <CustomBuild Include="Container\AssociativeVector.h">
      <Filter>Container</Filter>
    </CustomBuild>
    <CustomBuild Include="Container\BitSet.cpp">
      <Filter>Container</Filter>
    </CustomBuild>
    <CustomBuild Include="Container\BitSet.h">
      <Filter>Container</Filter>
    </CustomBuild>
    <CustomBuild Include="Container\Deque.h">
      <Filter>Container</Filter>
    </CustomBuild>
    <CustomBuild Include="Container\Hash-inl.h">
      <Filter>Container</Filter>
    </CustomBuild>
    <CustomBuild Include="Container\Hash.cpp">
      <Filter>Container</Filter>
    </CustomBuild>
    <CustomBuild Include="Container\Hash.h">
      <Filter>Container</Filter>
    </CustomBuild>
    <CustomBuild Include="Container\HashMap.h">
      <Filter>Container</Filter>
    </CustomBuild>
    <CustomBuild Include="Container\HashMultiMap.h">
      <Filter>Container</Filter>
    </CustomBuild>
    <CustomBuild Include="Container\HashSet.h">
      <Filter>Container</Filter>
    </CustomBuild>
    <CustomBuild Include="Container\IntrusiveList.h">
      <Filter>Container</Filter>
    </CustomBuild>
    <CustomBuild Include="Container\List.h">
      <Filter>Container</Filter>
    </CustomBuild>
    <CustomBuild Include="Container\Map.h">
      <Filter>Container</Filter>
    </CustomBuild>
    <CustomBuild Include="Container\MultiMap.h">
      <Filter>Container</Filter>
    </CustomBuild>
    <CustomBuild Include="Container\Pair.h">
      <Filter>Container</Filter>
    </CustomBuild>
    <CustomBuild Include="Container\RawStorage-inl.h">
      <Filter>Container</Filter>
    </CustomBuild>
    <CustomBuild Include="Container\RawStorage.h">
      <Filter>Container</Filter>
    </CustomBuild>
    <CustomBuild Include="Container\RingBuffer.h">
      <Filter>Container</Filter>
    </CustomBuild>
    <CustomBuild Include="Container\Stack.h">
      <Filter>Container</Filter>
    </CustomBuild>
    <CustomBuild Include="Container\StringHashMap.h">
      <Filter>Container</Filter>
    </CustomBuild>
    <CustomBuild Include="Container\Token-inl.h">
      <Filter>Container</Filter>
    </CustomBuild>
    <CustomBuild Include="Container\Token.h">
      <Filter>Container</Filter>
    </CustomBuild>
    <CustomBuild Include="Container\Trie-inl.h">
      <Filter>Container</Filter>
    </CustomBuild>
    <CustomBuild Include="Container\Trie.h">
      <Filter>Container</Filter>
    </CustomBuild>
    <CustomBuild Include="Container\Tuple.h">
      <Filter>Container</Filter>
    </CustomBuild>
    <CustomBuild Include="Container\Vector-inl.h">
      <Filter>Container</Filter>
    </CustomBuild>
    <CustomBuild Include="Container\Vector.h">
      <Filter>Container</Filter>
    </CustomBuild>
    <CustomBuild Include="Diagnostic\Callstack.cpp">
      <Filter>Diagnostic</Filter>
    </CustomBuild>
    <CustomBuild Include="Diagnostic\Callstack.h">
      <Filter>Diagnostic</Filter>
    </CustomBuild>
    <CustomBuild Include="Diagnostic\CrtDebug.cpp">
      <Filter>Diagnostic</Filter>
    </CustomBuild>
    <CustomBuild Include="Diagnostic\CrtDebug.h">
      <Filter>Diagnostic</Filter>
    </CustomBuild>
    <CustomBuild Include="Diagnostic\DecodedCallstack.cpp">
      <Filter>Diagnostic</Filter>
    </CustomBuild>
    <CustomBuild Include="Diagnostic\DecodedCallstack.h">
      <Filter>Diagnostic</Filter>
    </CustomBuild>
    <CustomBuild Include="Diagnostic\DialogBox.cpp">
      <Filter>Diagnostic</Filter>
    </CustomBuild>
    <CustomBuild Include="Diagnostic\DialogBox.h">
      <Filter>Diagnostic</Filter>
    </CustomBuild>
    <CustomBuild Include="Diagnostic\Exception.cpp">
      <Filter>Diagnostic</Filter>
    </CustomBuild>
    <CustomBuild Include="Diagnostic\Exception.h">
      <Filter>Diagnostic</Filter>
    </CustomBuild>
    <CustomBuild Include="Diagnostic\LastError.cpp">
      <Filter>Diagnostic</Filter>
    </CustomBuild>
    <CustomBuild Include="Diagnostic\LastError.h">
      <Filter>Diagnostic</Filter>
    </CustomBuild>
    <CustomBuild Include="Diagnostic\Logger-inl.h">
      <Filter>Diagnostic</Filter>
    </CustomBuild>
    <CustomBuild Include="Diagnostic\Logger.cpp">
      <Filter>Diagnostic</Filter>
    </CustomBuild>
    <CustomBuild Include="Diagnostic\Logger.h">
      <Filter>Diagnostic</Filter>
    </CustomBuild>
    <CustomBuild Include="Diagnostic\MiniDump.cpp">
      <Filter>Diagnostic</Filter>
    </CustomBuild>
    <CustomBuild Include="Diagnostic\MiniDump.h">
      <Filter>Diagnostic</Filter>
    </CustomBuild>
    <CustomBuild Include="IO\FS\Basename.cpp">
      <Filter>IO\FS</Filter>
    </CustomBuild>
    <CustomBuild Include="IO\FS\Basename.h">
      <Filter>IO\FS</Filter>
    </CustomBuild>
    <CustomBuild Include="IO\FS\BasenameNoExt.cpp">
      <Filter>IO\FS</Filter>
    </CustomBuild>
    <CustomBuild Include="IO\FS\BasenameNoExt.h">
      <Filter>IO\FS</Filter>
    </CustomBuild>
    <CustomBuild Include="IO\FS\Dirname.cpp">
      <Filter>IO\FS</Filter>
    </CustomBuild>
    <CustomBuild Include="IO\FS\Dirname.h">
      <Filter>IO\FS</Filter>
    </CustomBuild>
    <CustomBuild Include="IO\FS\Dirpath.cpp">
      <Filter>IO\FS</Filter>
    </CustomBuild>
    <CustomBuild Include="IO\FS\Dirpath.h">
      <Filter>IO\FS</Filter>
    </CustomBuild>
    <CustomBuild Include="IO\FS\Extname.cpp">
      <Filter>IO\FS</Filter>
    </CustomBuild>
    <CustomBuild Include="IO\FS\Extname.h">
      <Filter>IO\FS</Filter>
    </CustomBuild>
    <CustomBuild Include="IO\FS\Filename.cpp">
      <Filter>IO\FS</Filter>
    </CustomBuild>
    <CustomBuild Include="IO\FS\Filename.h">
      <Filter>IO\FS</Filter>
    </CustomBuild>
    <CustomBuild Include="IO\FS\FileStat.cpp">
      <Filter>IO\FS</Filter>
    </CustomBuild>
    <CustomBuild Include="IO\FS\FileStat.h">
      <Filter>IO\FS</Filter>
    </CustomBuild>
    <CustomBuild Include="IO\FS\FileSystemProperties.cpp">
      <Filter>IO\FS</Filter>
    </CustomBuild>
    <CustomBuild Include="IO\FS\FileSystemProperties.h">
      <Filter>IO\FS</Filter>
    </CustomBuild>
    <CustomBuild Include="IO\FS\FileSystemToken.h">
      <Filter>IO\FS</Filter>
    </CustomBuild>
    <CustomBuild Include="IO\FS\FileSystemToken_fwd.h">
      <Filter>IO\FS</Filter>
    </CustomBuild>
    <CustomBuild Include="IO\FS\FileSystemTrie.cpp">
      <Filter>IO\FS</Filter>
    </CustomBuild>
    <CustomBuild Include="IO\FS\FileSystemTrie.h">
      <Filter>IO\FS</Filter>
    </CustomBuild>
    <CustomBuild Include="IO\FS\MountingPoint.cpp">
      <Filter>IO\FS</Filter>
    </CustomBuild>
    <CustomBuild Include="IO\FS\MountingPoint.h">
      <Filter>IO\FS</Filter>
    </CustomBuild>
    <CustomBuild Include="IO\VFS\VirtualFileSystemComponent.cpp">
      <Filter>IO\VFS</Filter>
    </CustomBuild>
    <CustomBuild Include="IO\VFS\VirtualFileSystemComponent.h">
      <Filter>IO\VFS</Filter>
    </CustomBuild>
    <CustomBuild Include="IO\VFS\VirtualFileSystemNativeComponent.cpp">
      <Filter>IO\VFS</Filter>
    </CustomBuild>
    <CustomBuild Include="IO\VFS\VirtualFileSystemNativeComponent.h">
      <Filter>IO\VFS</Filter>
    </CustomBuild>
    <CustomBuild Include="IO\VFS\VirtualFileSystemNativeStream.cpp">
      <Filter>IO\VFS</Filter>
    </CustomBuild>
    <CustomBuild Include="IO\VFS\VirtualFileSystemNativeStream.h">
      <Filter>IO\VFS</Filter>
    </CustomBuild>
    <CustomBuild Include="IO\VFS\VirtualFileSystemNode.cpp">
      <Filter>IO\VFS</Filter>
    </CustomBuild>
    <CustomBuild Include="IO\VFS\VirtualFileSystemNode.h">
      <Filter>IO\VFS</Filter>
    </CustomBuild>
    <CustomBuild Include="IO\VFS\VirtualFileSystemPolicies.h">
      <Filter>IO\VFS</Filter>
    </CustomBuild>
    <CustomBuild Include="IO\VFS\VirtualFileSystemStream.h">
      <Filter>IO\VFS</Filter>
    </CustomBuild>
    <CustomBuild Include="IO\VFS\VirtualFileSystemTrie.cpp">
      <Filter>IO\VFS</Filter>
    </CustomBuild>
    <CustomBuild Include="IO\VFS\VirtualFileSystemTrie.h">
      <Filter>IO\VFS</Filter>
    </CustomBuild>
    <CustomBuild Include="IO\FileSystem.cpp">
      <Filter>IO</Filter>
    </CustomBuild>
    <CustomBuild Include="IO\FileSystem.h">
      <Filter>IO</Filter>
    </CustomBuild>
    <CustomBuild Include="IO\FileSystemConstNames.cpp">
      <Filter>IO</Filter>
    </CustomBuild>
    <CustomBuild Include="IO\FileSystemConstNames.h">
      <Filter>IO</Filter>
    </CustomBuild>
    <CustomBuild Include="IO\FileSystem_fwd.h">
      <Filter>IO</Filter>
    </CustomBuild>
    <CustomBuild Include="IO\Format-inl.h">
      <Filter>IO</Filter>
    </CustomBuild>
    <CustomBuild Include="IO\Format.cpp">
      <Filter>IO</Filter>
    </CustomBuild>
    <CustomBuild Include="IO\Format.h">
      <Filter>IO</Filter>
    </CustomBuild>
    <CustomBuild Include="IO\FormatHelpers.cpp">
      <Filter>IO</Filter>
    </CustomBuild>
    <CustomBuild Include="IO\FormatHelpers.h">
      <Filter>IO</Filter>
    </CustomBuild>
    <CustomBuild Include="IO\LZJB.cpp">
      <Filter>IO</Filter>
    </CustomBuild>
    <CustomBuild Include="IO\LZJB.h">
      <Filter>IO</Filter>
    </CustomBuild>
    <CustomBuild Include="IO\regexp.h">
      <Filter>IO</Filter>
    </CustomBuild>
    <CustomBuild Include="IO\SimpleFileVerification.h">
      <Filter>IO</Filter>
    </CustomBuild>
    <CustomBuild Include="IO\Stream-inl.h">
      <Filter>IO</Filter>
    </CustomBuild>
    <CustomBuild Include="IO\Stream.h">
      <Filter>IO</Filter>
    </CustomBuild>
    <CustomBuild Include="IO\StreamProvider-inl.h">
      <Filter>IO</Filter>
    </CustomBuild>
    <CustomBuild Include="IO\StreamProvider.cpp">
      <Filter>IO</Filter>
    </CustomBuild>
    <CustomBuild Include="IO\StreamProvider.h">
      <Filter>IO</Filter>
    </CustomBuild>
    <CustomBuild Include="IO\String-inl.h">
      <Filter>IO</Filter>
    </CustomBuild>
    <CustomBuild Include="IO\String.cpp">
      <Filter>IO</Filter>
    </CustomBuild>
    <CustomBuild Include="IO\String.h">
      <Filter>IO</Filter>
    </CustomBuild>
    <CustomBuild Include="IO\StringSlice.cpp">
      <Filter>IO</Filter>
    </CustomBuild>
    <CustomBuild Include="IO\StringSlice.h">
      <Filter>IO</Filter>
    </CustomBuild>
    <CustomBuild Include="IO\VirtualFileSystem-inl.h">
      <Filter>IO</Filter>
    </CustomBuild>
    <CustomBuild Include="IO\VirtualFileSystem.cpp">
      <Filter>IO</Filter>
    </CustomBuild>
    <CustomBuild Include="IO\VirtualFileSystem.h">
      <Filter>IO</Filter>
    </CustomBuild>
    <CustomBuild Include="IO\VirtualFileSystem_fwd.cpp">
      <Filter>IO</Filter>
    </CustomBuild>
    <CustomBuild Include="IO\VirtualFileSystem_fwd.h">
      <Filter>IO</Filter>
    </CustomBuild>
    <CustomBuild Include="Maths\Geometry\Collision.cpp">
      <Filter>Maths\Geometry</Filter>
    </CustomBuild>
    <CustomBuild Include="Maths\Geometry\Collision.h">
      <Filter>Maths\Geometry</Filter>
    </CustomBuild>
    <CustomBuild Include="Maths\Geometry\Frustum-inl.h">
      <Filter>Maths\Geometry</Filter>
    </CustomBuild>
    <CustomBuild Include="Maths\Geometry\Frustum.cpp">
      <Filter>Maths\Geometry</Filter>
    </CustomBuild>
    <CustomBuild Include="Maths\Geometry\Frustum.h">
      <Filter>Maths\Geometry</Filter>
    </CustomBuild>
    <CustomBuild Include="Maths\Geometry\Plane-inl.h">
      <Filter>Maths\Geometry</Filter>
    </CustomBuild>
    <CustomBuild Include="Maths\Geometry\Plane.cpp">
      <Filter>Maths\Geometry</Filter>
    </CustomBuild>
    <CustomBuild Include="Maths\Geometry\Plane.h">
      <Filter>Maths\Geometry</Filter>
    </CustomBuild>
    <CustomBuild Include="Maths\Geometry\Ray-inl.h">
      <Filter>Maths\Geometry</Filter>
    </CustomBuild>
    <CustomBuild Include="Maths\Geometry\Ray.cpp">
      <Filter>Maths\Geometry</Filter>
    </CustomBuild>
    <CustomBuild Include="Maths\Geometry\Ray.h">
      <Filter>Maths\Geometry</Filter>
    </CustomBuild>
    <CustomBuild Include="Maths\Geometry\ScalarBoundingBox-inl.h">
      <Filter>Maths\Geometry</Filter>
    </CustomBuild>
    <CustomBuild Include="Maths\Geometry\ScalarBoundingBox.h">
      <Filter>Maths\Geometry</Filter>
    </CustomBuild>
    <CustomBuild Include="Maths\Geometry\ScalarBoundingBox.Shuffle-inl.h">
      <Filter>Maths\Geometry</Filter>
    </CustomBuild>
    <CustomBuild Include="Maths\Geometry\ScalarBoundingBoxHelpers-inl.h">
      <Filter>Maths\Geometry</Filter>
    </CustomBuild>
    <CustomBuild Include="Maths\Geometry\ScalarBoundingBoxHelpers.h">
      <Filter>Maths\Geometry</Filter>
    </CustomBuild>
    <CustomBuild Include="Maths\Geometry\ScalarBoundingBox_fwd.h">
      <Filter>Maths\Geometry</Filter>
    </CustomBuild>
    <CustomBuild Include="Maths\Geometry\ScalarRectangle-inl.h">
      <Filter>Maths\Geometry</Filter>
    </CustomBuild>
    <CustomBuild Include="Maths\Geometry\ScalarRectangle.h">
      <Filter>Maths\Geometry</Filter>
    </CustomBuild>
    <CustomBuild Include="Maths\Geometry\ScalarRectangle_fwd.h">
      <Filter>Maths\Geometry</Filter>
    </CustomBuild>
    <CustomBuild Include="Maths\Geometry\ScalarVector-inl.h">
      <Filter>Maths\Geometry</Filter>
    </CustomBuild>
    <CustomBuild Include="Maths\Geometry\ScalarVector.cpp">
      <Filter>Maths\Geometry</Filter>
    </CustomBuild>
    <CustomBuild Include="Maths\Geometry\ScalarVector.h">
      <Filter>Maths\Geometry</Filter>
    </CustomBuild>
    <CustomBuild Include="Maths\Geometry\ScalarVector.Shuffle-inl.h">
      <Filter>Maths\Geometry</Filter>
    </CustomBuild>
    <CustomBuild Include="Maths\Geometry\ScalarVectorHelpers-inl.h">
      <Filter>Maths\Geometry</Filter>
    </CustomBuild>
    <CustomBuild Include="Maths\Geometry\ScalarVectorHelpers.h">
      <Filter>Maths\Geometry</Filter>
    </CustomBuild>
    <CustomBuild Include="Maths\Geometry\ScalarVector_fwd.h">
      <Filter>Maths\Geometry</Filter>
    </CustomBuild>
    <CustomBuild Include="Maths\Geometry\Sphere-inl.h">
      <Filter>Maths\Geometry</Filter>
    </CustomBuild>
    <CustomBuild Include="Maths\Geometry\Sphere.cpp">
      <Filter>Maths\Geometry</Filter>
    </CustomBuild>
    <CustomBuild Include="Maths\Geometry\Sphere.h">
      <Filter>Maths\Geometry</Filter>
    </CustomBuild>
    <CustomBuild Include="Maths\Packing\PackedVectors-inl.h">
      <Filter>Maths\Packing</Filter>
    </CustomBuild>
    <CustomBuild Include="Maths\Packing\PackedVectors.cpp">
      <Filter>Maths\Packing</Filter>
    </CustomBuild>
    <CustomBuild Include="Maths\Packing\PackedVectors.h">
      <Filter>Maths\Packing</Filter>
    </CustomBuild>
    <CustomBuild Include="Maths\Packing\PackingHelpers-inl.h">
      <Filter>Maths\Packing</Filter>
    </CustomBuild>
    <CustomBuild Include="Maths\Packing\PackingHelpers.cpp">
      <Filter>Maths\Packing</Filter>
    </CustomBuild>
    <CustomBuild Include="Maths\Packing\PackingHelpers.h">
      <Filter>Maths\Packing</Filter>
    </CustomBuild>
    <CustomBuild Include="Maths\SphericalHarmonics\SHFunctionProjector.cpp">
      <Filter>Maths\SphericalHarmonics</Filter>
    </CustomBuild>
    <CustomBuild Include="Maths\SphericalHarmonics\SHFunctionProjector.h">
      <Filter>Maths\SphericalHarmonics</Filter>
    </CustomBuild>
    <CustomBuild Include="Maths\SphericalHarmonics\SHRotation.cpp">
      <Filter>Maths\SphericalHarmonics</Filter>
    </CustomBuild>
    <CustomBuild Include="Maths\SphericalHarmonics\SHRotation.h">
      <Filter>Maths\SphericalHarmonics</Filter>
    </CustomBuild>
    <CustomBuild Include="Maths\SphericalHarmonics\SHSample.cpp">
      <Filter>Maths\SphericalHarmonics</Filter>
    </CustomBuild>
    <CustomBuild Include="Maths\SphericalHarmonics\SHSample.h">
      <Filter>Maths\SphericalHarmonics</Filter>
    </CustomBuild>
    <CustomBuild Include="Maths\SphericalHarmonics\SHSampleCollection.cpp">
      <Filter>Maths\SphericalHarmonics</Filter>
    </CustomBuild>
    <CustomBuild Include="Maths\SphericalHarmonics\SHSampleCollection.h">
      <Filter>Maths\SphericalHarmonics</Filter>
    </CustomBuild>
    <CustomBuild Include="Maths\SphericalHarmonics\SHVector-inl.h">
      <Filter>Maths\SphericalHarmonics</Filter>
    </CustomBuild>
    <CustomBuild Include="Maths\SphericalHarmonics\SHVector.h">
      <Filter>Maths\SphericalHarmonics</Filter>
    </CustomBuild>
    <CustomBuild Include="Maths\SphericalHarmonics\SHVector_fwd.h">
      <Filter>Maths\SphericalHarmonics</Filter>
    </CustomBuild>
    <CustomBuild Include="Maths\Transform\AffineTransform.cpp">
      <Filter>Maths\Transform</Filter>
    </CustomBuild>
    <CustomBuild Include="Maths\Transform\AffineTransform.h">
      <Filter>Maths\Transform</Filter>
    </CustomBuild>
    <CustomBuild Include="Maths\Transform\Quaternion-inl.h">
      <Filter>Maths\Transform</Filter>
    </CustomBuild>
    <CustomBuild Include="Maths\Transform\Quaternion.cpp">
      <Filter>Maths\Transform</Filter>
    </CustomBuild>
    <CustomBuild Include="Maths\Transform\Quaternion.h">
      <Filter>Maths\Transform</Filter>
    </CustomBuild>
    <CustomBuild Include="Maths\Transform\QuaternionHelpers-inl.h">
      <Filter>Maths\Transform</Filter>
    </CustomBuild>
    <CustomBuild Include="Maths\Transform\QuaternionHelpers.cpp">
      <Filter>Maths\Transform</Filter>
    </CustomBuild>
    <CustomBuild Include="Maths\Transform\QuaternionHelpers.h">
      <Filter>Maths\Transform</Filter>
    </CustomBuild>
    <CustomBuild Include="Maths\Transform\ScalarMatrix-inl.h">
      <Filter>Maths\Transform</Filter>
    </CustomBuild>
    <CustomBuild Include="Maths\Transform\ScalarMatrix.h">
      <Filter>Maths\Transform</Filter>
    </CustomBuild>
    <CustomBuild Include="Maths\Transform\ScalarMatrixHelpers-inl.h">
      <Filter>Maths\Transform</Filter>
    </CustomBuild>
    <CustomBuild Include="Maths\Transform\ScalarMatrixHelpers.h">
      <Filter>Maths\Transform</Filter>
    </CustomBuild>
    <CustomBuild Include="Maths\Transform\ScalarMatrix_fwd.h">
      <Filter>Maths\Transform</Filter>
    </CustomBuild>
    <CustomBuild Include="Maths\MathHelpers-inl.h">
      <Filter>Maths</Filter>
    </CustomBuild>
    <CustomBuild Include="Maths\MathHelpers.h">
      <Filter>Maths</Filter>
    </CustomBuild>
    <CustomBuild Include="Maths\Maths.h">
      <Filter>Maths</Filter>
    </CustomBuild>
    <CustomBuild Include="Maths\RandomGenerator-inl.h">
      <Filter>Maths</Filter>
    </CustomBuild>
    <CustomBuild Include="Maths\RandomGenerator.cpp">
      <Filter>Maths</Filter>
    </CustomBuild>
    <CustomBuild Include="Maths\RandomGenerator.h">
      <Filter>Maths</Filter>
    </CustomBuild>
    <CustomBuild Include="Maths\Units-inl.h">
      <Filter>Maths</Filter>
    </CustomBuild>
    <CustomBuild Include="Maths\Units.cpp">
      <Filter>Maths</Filter>
    </CustomBuild>
    <CustomBuild Include="Maths\Units.Definitions-inl.h">
      <Filter>Maths</Filter>
    </CustomBuild>
    <CustomBuild Include="Maths\Units.h">
      <Filter>Maths</Filter>
    </CustomBuild>
    <CustomBuild Include="Memory\AlignedStorage.h">
      <Filter>Memory</Filter>
    </CustomBuild>
    <CustomBuild Include="Memory\ComPtr-inl.h">
      <Filter>Memory</Filter>
    </CustomBuild>
    <CustomBuild Include="Memory\ComPtr.h">
      <Filter>Memory</Filter>
    </CustomBuild>
    <CustomBuild Include="Memory\farmhash-inl.h">
      <Filter>Memory</Filter>
    </CustomBuild>
    <CustomBuild Include="Memory\farmhash.cpp">
      <Filter>Memory</Filter>
    </CustomBuild>
    <CustomBuild Include="Memory\farmhash.h">
      <Filter>Memory</Filter>
    </CustomBuild>
    <CustomBuild Include="Memory\HashFunctions-inl.h">
      <Filter>Memory</Filter>
    </CustomBuild>
    <CustomBuild Include="Memory\HashFunctions.cpp">
      <Filter>Memory</Filter>
    </CustomBuild>
    <CustomBuild Include="Memory\HashFunctions.h">
      <Filter>Memory</Filter>
    </CustomBuild>
    <CustomBuild Include="Memory\MemoryDomain.cpp">
      <Filter>Memory</Filter>
    </CustomBuild>
    <CustomBuild Include="Memory\MemoryDomain.Definitions-inl.h">
      <Filter>Memory</Filter>
    </CustomBuild>
    <CustomBuild Include="Memory\MemoryDomain.h">
      <Filter>Memory</Filter>
    </CustomBuild>
    <CustomBuild Include="Memory\MemoryPool-inl.h">
      <Filter>Memory</Filter>
    </CustomBuild>
    <CustomBuild Include="Memory\MemoryPool.cpp">
      <Filter>Memory</Filter>
    </CustomBuild>
    <CustomBuild Include="Memory\MemoryPool.h">
      <Filter>Memory</Filter>
    </CustomBuild>
    <CustomBuild Include="Memory\MemoryStream.h">
      <Filter>Memory</Filter>
    </CustomBuild>
    <CustomBuild Include="Memory\MemoryTracking.cpp">
      <Filter>Memory</Filter>
    </CustomBuild>
    <CustomBuild Include="Memory\MemoryTracking.h">
      <Filter>Memory</Filter>
    </CustomBuild>
    <CustomBuild Include="Memory\MemoryView.h">
      <Filter>Memory</Filter>
    </CustomBuild>
    <CustomBuild Include="Memory\MemoryViewReader.cpp">
      <Filter>Memory</Filter>
    </CustomBuild>
    <CustomBuild Include="Memory\MemoryViewReader.h">
      <Filter>Memory</Filter>
    </CustomBuild>
    <CustomBuild Include="Memory\RefPtr-inl.h">
      <Filter>Memory</Filter>
    </CustomBuild>
    <CustomBuild Include="Memory\RefPtr.h">
      <Filter>Memory</Filter>
    </CustomBuild>
    <CustomBuild Include="Memory\SegregatedMemoryPool-inl.h">
      <Filter>Memory</Filter>
    </CustomBuild>
    <CustomBuild Include="Memory\SegregatedMemoryPool.h">
      <Filter>Memory</Filter>
    </CustomBuild>
    <CustomBuild Include="Memory\UniquePtr.h">
      <Filter>Memory</Filter>
    </CustomBuild>
    <CustomBuild Include="Memory\UniqueView.h">
      <Filter>Memory</Filter>
    </CustomBuild>
    <CustomBuild Include="Memory\WeakPtr-inl.h">
      <Filter>Memory</Filter>
    </CustomBuild>
    <CustomBuild Include="Memory\WeakPtr.cpp">
      <Filter>Memory</Filter>
    </CustomBuild>
    <CustomBuild Include="Memory\WeakPtr.h">
      <Filter>Memory</Filter>
    </CustomBuild>
    <CustomBuild Include="Meta\Activator.h">
      <Filter>Meta</Filter>
    </CustomBuild>
    <CustomBuild Include="Meta\Aliases.h">
      <Filter>Meta</Filter>
    </CustomBuild>
    <CustomBuild Include="Meta\Alignment.h">
      <Filter>Meta</Filter>
    </CustomBuild>
    <CustomBuild Include="Meta\Assert.cpp">
      <Filter>Meta</Filter>
    </CustomBuild>
    <CustomBuild Include="Meta\Assert.h">
      <Filter>Meta</Filter>
    </CustomBuild>
    <CustomBuild Include="Meta\AutoSingleton.cpp">
      <Filter>Meta</Filter>
    </CustomBuild>
    <CustomBuild Include="Meta\AutoSingleton.h">
      <Filter>Meta</Filter>
    </CustomBuild>
    <CustomBuild Include="Meta\BitCount.h">
      <Filter>Meta</Filter>
    </CustomBuild>
    <CustomBuild Include="Meta\BitField.h">
      <Filter>Meta</Filter>
    </CustomBuild>
    <CustomBuild Include="Meta\Cast.h">
      <Filter>Meta</Filter>
    </CustomBuild>
    <CustomBuild Include="Meta\Delegate-inl.h">
      <Filter>Meta</Filter>
    </CustomBuild>
    <CustomBuild Include="Meta\Delegate.h">
      <Filter>Meta</Filter>
    </CustomBuild>
    <CustomBuild Include="Meta\Delete.h">
      <Filter>Meta</Filter>
    </CustomBuild>
    <CustomBuild Include="Meta\enum.h">
      <Filter>Meta</Filter>
    </CustomBuild>
    <CustomBuild Include="Meta\Event.h">
      <Filter>Meta</Filter>
    </CustomBuild>
    <CustomBuild Include="Meta\ForRange.h">
      <Filter>Meta</Filter>
    </CustomBuild>
    <CustomBuild Include="Meta\Hash_fwd.h">
      <Filter>Meta</Filter>
    </CustomBuild>
    <CustomBuild Include="Meta\NumericLimits.cpp">
      <Filter>Meta</Filter>
    </CustomBuild>
    <CustomBuild Include="Meta\NumericLimits.h">
      <Filter>Meta</Filter>
    </CustomBuild>
    <CustomBuild Include="Meta\OneTimeInitialize.h">
      <Filter>Meta</Filter>
    </CustomBuild>
    <CustomBuild Include="Meta\PointerWFlags.h">
      <Filter>Meta</Filter>
    </CustomBuild>
    <CustomBuild Include="Meta\SafeBool.h">
      <Filter>Meta</Filter>
    </CustomBuild>
    <CustomBuild Include="Meta\Singleton.h">
      <Filter>Meta</Filter>
    </CustomBuild>
    <CustomBuild Include="Meta\StronglyTyped.h">
      <Filter>Meta</Filter>
    </CustomBuild>
    <CustomBuild Include="Meta\ThreadResource.h">
      <Filter>Meta</Filter>
    </CustomBuild>
    <CustomBuild Include="Meta\TypeHash.h">
      <Filter>Meta</Filter>
    </CustomBuild>
    <CustomBuild Include="Meta\TypeTraits.h">
      <Filter>Meta</Filter>
    </CustomBuild>
    <CustomBuild Include="Misc\CRC.cpp">
      <Filter>Misc</Filter>
    </CustomBuild>
    <CustomBuild Include="Misc\CRC.h">
      <Filter>Misc</Filter>
    </CustomBuild>
    <CustomBuild Include="Misc\CurrentProcess.cpp">
      <Filter>Misc</Filter>
    </CustomBuild>
    <CustomBuild Include="Misc\CurrentProcess.h">
      <Filter>Misc</Filter>
    </CustomBuild>
    <CustomBuild Include="Misc\farmhash.cc">
      <Filter>Misc</Filter>
    </CustomBuild>
    <CustomBuild Include="Misc\farmhash.h">
      <Filter>Misc</Filter>
    </CustomBuild>
    <CustomBuild Include="Misc\FourCC.h">
      <Filter>Misc</Filter>
    </CustomBuild>
    <CustomBuild Include="Misc\Guid.cpp">
      <Filter>Misc</Filter>
    </CustomBuild>
    <CustomBuild Include="Misc\Guid.h">
      <Filter>Misc</Filter>
    </CustomBuild>
    <CustomBuild Include="Misc\MurmurHash3.cpp">
      <Filter>Misc</Filter>
    </CustomBuild>
    <CustomBuild Include="Misc\MurmurHash3.h">
      <Filter>Misc</Filter>
    </CustomBuild>
    <CustomBuild Include="Misc\PMurHash.cpp">
      <Filter>Misc</Filter>
    </CustomBuild>
    <CustomBuild Include="Misc\PMurHash.h">
      <Filter>Misc</Filter>
    </CustomBuild>
    <CustomBuild Include="Thread\Task\Task.h">
      <Filter>Thread\Task</Filter>
    </CustomBuild>
    <CustomBuild Include="Thread\Task\TaskPool.cpp">
      <Filter>Thread\Task</Filter>
    </CustomBuild>
    <CustomBuild Include="Thread\Task\TaskPool.h">
      <Filter>Thread\Task</Filter>
    </CustomBuild>
    <CustomBuild Include="Thread\Task\TaskPriorityQueue.h">
      <Filter>Thread\Task</Filter>
    </CustomBuild>
    <CustomBuild Include="Thread\AtomicSpinLock.h">
      <Filter>Thread</Filter>
    </CustomBuild>
    <CustomBuild Include="Thread\ConcurrentQueue-inl.h">
      <Filter>Thread</Filter>
    </CustomBuild>
    <CustomBuild Include="Thread\ConcurrentQueue.h">
      <Filter>Thread</Filter>
    </CustomBuild>
    <CustomBuild Include="Thread\Fiber.cpp">
      <Filter>Thread</Filter>
    </CustomBuild>
    <CustomBuild Include="Thread\Fiber.h">
      <Filter>Thread</Filter>
    </CustomBuild>
    <CustomBuild Include="Thread\Future.h">
      <Filter>Thread</Filter>
    </CustomBuild>
    <CustomBuild Include="Thread\MPMCBoundedQueue.h">
      <Filter>Thread</Filter>
    </CustomBuild>
    <CustomBuild Include="Thread\MRUCache.h">
      <Filter>Thread</Filter>
    </CustomBuild>
    <CustomBuild Include="Thread\ThreadContext.cpp">
      <Filter>Thread</Filter>
    </CustomBuild>
    <CustomBuild Include="Thread\ThreadContext.h">
      <Filter>Thread</Filter>
    </CustomBuild>
    <CustomBuild Include="Thread\ThreadPool.cpp">
      <Filter>Thread</Filter>
    </CustomBuild>
    <CustomBuild Include="Thread\ThreadPool.h">
      <Filter>Thread</Filter>
    </CustomBuild>
    <CustomBuild Include="Time\DateTime.cpp">
      <Filter>Time</Filter>
    </CustomBuild>
    <CustomBuild Include="Time\DateTime.h">
      <Filter>Time</Filter>
    </CustomBuild>
    <CustomBuild Include="Time\ProcessTime.cpp">
      <Filter>Time</Filter>
    </CustomBuild>
    <CustomBuild Include="Time\ProcessTime.h">
      <Filter>Time</Filter>
    </CustomBuild>
    <CustomBuild Include="Time\Timeline.cpp">
      <Filter>Time</Filter>
    </CustomBuild>
    <CustomBuild Include="Time\Timeline.h">
      <Filter>Time</Filter>
    </CustomBuild>
    <CustomBuild Include="Time\Timely-inl.h">
      <Filter>Time</Filter>
    </CustomBuild>
    <CustomBuild Include="Time\Timely.h">
      <Filter>Time</Filter>
    </CustomBuild>
    <CustomBuild Include="Time\Timepoint.cpp">
      <Filter>Time</Filter>
    </CustomBuild>
    <CustomBuild Include="Time\Timepoint.h">
      <Filter>Time</Filter>
    </CustomBuild>
    <CustomBuild Include="Time\Timestamp.cpp">
      <Filter>Time</Filter>
    </CustomBuild>
    <CustomBuild Include="Time\Timestamp.h">
      <Filter>Time</Filter>
    </CustomBuild>
    <CustomBuild Include="Core.bff">
    </CustomBuild>
    <CustomBuild Include="Core.cpp">
    </CustomBuild>
    <CustomBuild Include="Core.h">
    </CustomBuild>
    <CustomBuild Include="stdafx.cpp">
    </CustomBuild>
    <CustomBuild Include="stdafx.h">
    </CustomBuild>
    <CustomBuild Include="targetver.h">
    </CustomBuild>
  </ItemGroup>
  <ItemGroup>
    <Filter Include="Allocator">
      <UniqueIdentifier>{4f8e170f-6c94-4f93-bc2a-7f5284b7d434}</UniqueIdentifier>
    </Filter>
  </ItemGroup>
  <ItemGroup>
    <Filter Include="Color">
      <UniqueIdentifier>{a79767ed-6c94-4f93-bc2a-7f5284b7d434}</UniqueIdentifier>
    </Filter>
  </ItemGroup>
  <ItemGroup>
    <Filter Include="Container">
      <UniqueIdentifier>{45536eb8-6c94-4f93-bc2a-7f5284b7d434}</UniqueIdentifier>
    </Filter>
  </ItemGroup>
  <ItemGroup>
    <Filter Include="Diagnostic">
      <UniqueIdentifier>{b5218b59-6c94-4f93-bc2a-7f5284b7d434}</UniqueIdentifier>
    </Filter>
  </ItemGroup>
  <ItemGroup>
    <Filter Include="IO\FS">
      <UniqueIdentifier>{6151ba57-6c94-4f93-bc2a-7f5284b7d434}</UniqueIdentifier>
    </Filter>
  </ItemGroup>
  <ItemGroup>
    <Filter Include="IO">
      <UniqueIdentifier>{8601bab2-6c94-4f93-bc2a-7f5284b7d434}</UniqueIdentifier>
    </Filter>
  </ItemGroup>
  <ItemGroup>
    <Filter Include="IO\VFS">
      <UniqueIdentifier>{fe9d3f4a-6c94-4f93-bc2a-7f5284b7d434}</UniqueIdentifier>
    </Filter>
  </ItemGroup>
  <ItemGroup>
    <Filter Include="Maths\Geometry">
      <UniqueIdentifier>{b9d80f2d-6c94-4f93-bc2a-7f5284b7d434}</UniqueIdentifier>
    </Filter>
  </ItemGroup>
  <ItemGroup>
    <Filter Include="Maths">
      <UniqueIdentifier>{d20bfa26-6c94-4f93-bc2a-7f5284b7d434}</UniqueIdentifier>
    </Filter>
  </ItemGroup>
  <ItemGroup>
    <Filter Include="Maths\Packing">
      <UniqueIdentifier>{bc28e1f6-6c94-4f93-bc2a-7f5284b7d434}</UniqueIdentifier>
    </Filter>
  </ItemGroup>
  <ItemGroup>
    <Filter Include="Maths\SphericalHarmonics">
      <UniqueIdentifier>{1cd1e6b6-6c94-4f93-bc2a-7f5284b7d434}</UniqueIdentifier>
    </Filter>
  </ItemGroup>
  <ItemGroup>
    <Filter Include="Maths\Transform">
      <UniqueIdentifier>{73452db9-6c94-4f93-bc2a-7f5284b7d434}</UniqueIdentifier>
    </Filter>
  </ItemGroup>
  <ItemGroup>
    <Filter Include="Memory">
      <UniqueIdentifier>{edc13103-6c94-4f93-bc2a-7f5284b7d434}</UniqueIdentifier>
    </Filter>
  </ItemGroup>
  <ItemGroup>
    <Filter Include="Meta">
      <UniqueIdentifier>{77c0bb0b-6c94-4f93-bc2a-7f5284b7d434}</UniqueIdentifier>
    </Filter>
  </ItemGroup>
  <ItemGroup>
    <Filter Include="Misc">
      <UniqueIdentifier>{df95b584-6c94-4f93-bc2a-7f5284b7d434}</UniqueIdentifier>
    </Filter>
  </ItemGroup>
  <ItemGroup>
    <Filter Include="Thread\Task">
      <UniqueIdentifier>{b7c19d92-6c94-4f93-bc2a-7f5284b7d434}</UniqueIdentifier>
    </Filter>
  </ItemGroup>
  <ItemGroup>
    <Filter Include="Thread">
      <UniqueIdentifier>{368c49b5-6c94-4f93-bc2a-7f5284b7d434}</UniqueIdentifier>
    </Filter>
  </ItemGroup>
  <ItemGroup>
    <Filter Include="Time">
      <UniqueIdentifier>{cfa6377b-6c94-4f93-bc2a-7f5284b7d434}</UniqueIdentifier>
    </Filter>
  </ItemGroup>
</Project>