
Microsoft Visual Studio Solution File, Format Version 12.00
# Visual Studio 2013
VisualStudioVersion = 12.0.30723.0
MinimumVisualStudioVersion = 10.0.40219.1
Project("{8BC9CEB8-8B4A-11D0-8D11-00A0C91BC942}") = "Core", "Core\Core.vcxproj", "{3A7399BE-FA6D-4886-88FD-BD5E682CCCE0}"
EndProject
Project("{8BC9CEB8-8B4A-11D0-8D11-00A0C91BC942}") = "Core.Test", "Core.Test\Core.Test.vcxproj", "{20485341-E985-422C-BD0D-6B57364B4F85}"
EndProject
Project("{8BC9CEB8-8B4A-11D0-8D11-00A0C91BC942}") = "Core.Application", "Core.Application\Core.Application.vcxproj", "{EF46043E-ABF9-48AC-B9DD-1F6F5D68A18C}"
EndProject
Project("{8BC9CEB8-8B4A-11D0-8D11-00A0C91BC942}") = "Core.Graphics", "Core.Graphics\Core.Graphics.vcxproj", "{A4A70B46-BDD4-469D-A2B7-496E0FF206E2}"
EndProject
Project("{8BC9CEB8-8B4A-11D0-8D11-00A0C91BC942}") = "Core.Engine", "Core.Engine\Core.Engine.vcxproj", "{39E9786D-11A9-4451-B380-CF4928FEEE66}"
	ProjectSection(ProjectDependencies) = postProject
		{A4A70B46-BDD4-469D-A2B7-496E0FF206E2} = {A4A70B46-BDD4-469D-A2B7-496E0FF206E2}
		{3A7399BE-FA6D-4886-88FD-BD5E682CCCE0} = {3A7399BE-FA6D-4886-88FD-BD5E682CCCE0}
	EndProjectSection
EndProject
Global
	GlobalSection(SolutionConfigurationPlatforms) = preSolution
		Debug|ARM = Debug|ARM
		Debug|Mixed Platforms = Debug|Mixed Platforms
		Debug|Win32 = Debug|Win32
		Debug|x64 = Debug|x64
		LLVM_Debug|ARM = LLVM_Debug|ARM
		LLVM_Debug|Mixed Platforms = LLVM_Debug|Mixed Platforms
		LLVM_Debug|Win32 = LLVM_Debug|Win32
		LLVM_Debug|x64 = LLVM_Debug|x64
		LLVM_Release|ARM = LLVM_Release|ARM
		LLVM_Release|Mixed Platforms = LLVM_Release|Mixed Platforms
		LLVM_Release|Win32 = LLVM_Release|Win32
		LLVM_Release|x64 = LLVM_Release|x64
		Release|ARM = Release|ARM
		Release|Mixed Platforms = Release|Mixed Platforms
		Release|Win32 = Release|Win32
		Release|x64 = Release|x64
	EndGlobalSection
	GlobalSection(ProjectConfigurationPlatforms) = postSolution
		{3A7399BE-FA6D-4886-88FD-BD5E682CCCE0}.Debug|ARM.ActiveCfg = Debug|Win32
		{3A7399BE-FA6D-4886-88FD-BD5E682CCCE0}.Debug|Mixed Platforms.ActiveCfg = Debug|Win32
		{3A7399BE-FA6D-4886-88FD-BD5E682CCCE0}.Debug|Mixed Platforms.Build.0 = Debug|Win32
		{3A7399BE-FA6D-4886-88FD-BD5E682CCCE0}.Debug|Win32.ActiveCfg = Debug|Win32
		{3A7399BE-FA6D-4886-88FD-BD5E682CCCE0}.Debug|Win32.Build.0 = Debug|Win32
		{3A7399BE-FA6D-4886-88FD-BD5E682CCCE0}.Debug|x64.ActiveCfg = Debug|x64
		{3A7399BE-FA6D-4886-88FD-BD5E682CCCE0}.Debug|x64.Build.0 = Debug|x64
		{3A7399BE-FA6D-4886-88FD-BD5E682CCCE0}.LLVM_Debug|ARM.ActiveCfg = LLVM_Debug|Win32
		{3A7399BE-FA6D-4886-88FD-BD5E682CCCE0}.LLVM_Debug|Mixed Platforms.ActiveCfg = LLVM_Debug|Win32
		{3A7399BE-FA6D-4886-88FD-BD5E682CCCE0}.LLVM_Debug|Mixed Platforms.Build.0 = LLVM_Debug|Win32
		{3A7399BE-FA6D-4886-88FD-BD5E682CCCE0}.LLVM_Debug|Win32.ActiveCfg = LLVM_Debug|Win32
		{3A7399BE-FA6D-4886-88FD-BD5E682CCCE0}.LLVM_Debug|Win32.Build.0 = LLVM_Debug|Win32
		{3A7399BE-FA6D-4886-88FD-BD5E682CCCE0}.LLVM_Debug|x64.ActiveCfg = LLVM_Debug|x64
		{3A7399BE-FA6D-4886-88FD-BD5E682CCCE0}.LLVM_Debug|x64.Build.0 = LLVM_Debug|x64
		{3A7399BE-FA6D-4886-88FD-BD5E682CCCE0}.LLVM_Release|ARM.ActiveCfg = LLVM_Release|Win32
		{3A7399BE-FA6D-4886-88FD-BD5E682CCCE0}.LLVM_Release|Mixed Platforms.ActiveCfg = LLVM_Release|Win32
		{3A7399BE-FA6D-4886-88FD-BD5E682CCCE0}.LLVM_Release|Mixed Platforms.Build.0 = LLVM_Release|Win32
		{3A7399BE-FA6D-4886-88FD-BD5E682CCCE0}.LLVM_Release|Win32.ActiveCfg = LLVM_Release|Win32
		{3A7399BE-FA6D-4886-88FD-BD5E682CCCE0}.LLVM_Release|Win32.Build.0 = LLVM_Release|Win32
		{3A7399BE-FA6D-4886-88FD-BD5E682CCCE0}.LLVM_Release|x64.ActiveCfg = LLVM_Release|x64
		{3A7399BE-FA6D-4886-88FD-BD5E682CCCE0}.LLVM_Release|x64.Build.0 = LLVM_Release|x64
		{3A7399BE-FA6D-4886-88FD-BD5E682CCCE0}.Release|ARM.ActiveCfg = Release|Win32
		{3A7399BE-FA6D-4886-88FD-BD5E682CCCE0}.Release|ARM.Build.0 = Release|Win32
		{3A7399BE-FA6D-4886-88FD-BD5E682CCCE0}.Release|Mixed Platforms.ActiveCfg = Release|Win32
		{3A7399BE-FA6D-4886-88FD-BD5E682CCCE0}.Release|Mixed Platforms.Build.0 = Release|Win32
		{3A7399BE-FA6D-4886-88FD-BD5E682CCCE0}.Release|Win32.ActiveCfg = Release|Win32
		{3A7399BE-FA6D-4886-88FD-BD5E682CCCE0}.Release|Win32.Build.0 = Release|Win32
		{3A7399BE-FA6D-4886-88FD-BD5E682CCCE0}.Release|x64.ActiveCfg = Release|x64
		{3A7399BE-FA6D-4886-88FD-BD5E682CCCE0}.Release|x64.Build.0 = Release|x64
		{20485341-E985-422C-BD0D-6B57364B4F85}.Debug|ARM.ActiveCfg = Debug|Win32
		{20485341-E985-422C-BD0D-6B57364B4F85}.Debug|Mixed Platforms.ActiveCfg = Debug|Win32
		{20485341-E985-422C-BD0D-6B57364B4F85}.Debug|Mixed Platforms.Build.0 = Debug|Win32
		{20485341-E985-422C-BD0D-6B57364B4F85}.Debug|Win32.ActiveCfg = Debug|Win32
		{20485341-E985-422C-BD0D-6B57364B4F85}.Debug|Win32.Build.0 = Debug|Win32
		{20485341-E985-422C-BD0D-6B57364B4F85}.Debug|x64.ActiveCfg = Debug|x64
		{20485341-E985-422C-BD0D-6B57364B4F85}.Debug|x64.Build.0 = Debug|x64
		{20485341-E985-422C-BD0D-6B57364B4F85}.LLVM_Debug|ARM.ActiveCfg = LLVM_Debug|Win32
		{20485341-E985-422C-BD0D-6B57364B4F85}.LLVM_Debug|Mixed Platforms.ActiveCfg = LLVM_Debug|Win32
		{20485341-E985-422C-BD0D-6B57364B4F85}.LLVM_Debug|Mixed Platforms.Build.0 = LLVM_Debug|Win32
		{20485341-E985-422C-BD0D-6B57364B4F85}.LLVM_Debug|Win32.ActiveCfg = LLVM_Debug|Win32
		{20485341-E985-422C-BD0D-6B57364B4F85}.LLVM_Debug|Win32.Build.0 = LLVM_Debug|Win32
		{20485341-E985-422C-BD0D-6B57364B4F85}.LLVM_Debug|x64.ActiveCfg = LLVM_Debug|x64
		{20485341-E985-422C-BD0D-6B57364B4F85}.LLVM_Debug|x64.Build.0 = LLVM_Debug|x64
		{20485341-E985-422C-BD0D-6B57364B4F85}.LLVM_Release|ARM.ActiveCfg = LLVM_Release|Win32
		{20485341-E985-422C-BD0D-6B57364B4F85}.LLVM_Release|Mixed Platforms.ActiveCfg = LLVM_Release|Win32
		{20485341-E985-422C-BD0D-6B57364B4F85}.LLVM_Release|Mixed Platforms.Build.0 = LLVM_Release|Win32
		{20485341-E985-422C-BD0D-6B57364B4F85}.LLVM_Release|Win32.ActiveCfg = LLVM_Release|Win32
		{20485341-E985-422C-BD0D-6B57364B4F85}.LLVM_Release|Win32.Build.0 = LLVM_Release|Win32
		{20485341-E985-422C-BD0D-6B57364B4F85}.LLVM_Release|x64.ActiveCfg = LLVM_Release|x64
		{20485341-E985-422C-BD0D-6B57364B4F85}.LLVM_Release|x64.Build.0 = LLVM_Release|x64
		{20485341-E985-422C-BD0D-6B57364B4F85}.Release|ARM.ActiveCfg = Release|Win32
		{20485341-E985-422C-BD0D-6B57364B4F85}.Release|ARM.Build.0 = Release|Win32
		{20485341-E985-422C-BD0D-6B57364B4F85}.Release|Mixed Platforms.ActiveCfg = Release|Win32
		{20485341-E985-422C-BD0D-6B57364B4F85}.Release|Mixed Platforms.Build.0 = Release|Win32
		{20485341-E985-422C-BD0D-6B57364B4F85}.Release|Win32.ActiveCfg = Release|Win32
		{20485341-E985-422C-BD0D-6B57364B4F85}.Release|Win32.Build.0 = Release|Win32
		{20485341-E985-422C-BD0D-6B57364B4F85}.Release|x64.ActiveCfg = Release|x64
		{20485341-E985-422C-BD0D-6B57364B4F85}.Release|x64.Build.0 = Release|x64
		{EF46043E-ABF9-48AC-B9DD-1F6F5D68A18C}.Debug|ARM.ActiveCfg = Debug|Win32
		{EF46043E-ABF9-48AC-B9DD-1F6F5D68A18C}.Debug|Mixed Platforms.ActiveCfg = Debug|Win32
		{EF46043E-ABF9-48AC-B9DD-1F6F5D68A18C}.Debug|Mixed Platforms.Build.0 = Debug|Win32
		{EF46043E-ABF9-48AC-B9DD-1F6F5D68A18C}.Debug|Win32.ActiveCfg = Debug|Win32
		{EF46043E-ABF9-48AC-B9DD-1F6F5D68A18C}.Debug|Win32.Build.0 = Debug|Win32
		{EF46043E-ABF9-48AC-B9DD-1F6F5D68A18C}.Debug|x64.ActiveCfg = Debug|x64
		{EF46043E-ABF9-48AC-B9DD-1F6F5D68A18C}.Debug|x64.Build.0 = Debug|x64
		{EF46043E-ABF9-48AC-B9DD-1F6F5D68A18C}.LLVM_Debug|ARM.ActiveCfg = LLVM_Debug|Win32
		{EF46043E-ABF9-48AC-B9DD-1F6F5D68A18C}.LLVM_Debug|Mixed Platforms.ActiveCfg = LLVM_Debug|Win32
		{EF46043E-ABF9-48AC-B9DD-1F6F5D68A18C}.LLVM_Debug|Mixed Platforms.Build.0 = LLVM_Debug|Win32
		{EF46043E-ABF9-48AC-B9DD-1F6F5D68A18C}.LLVM_Debug|Win32.ActiveCfg = LLVM_Debug|Win32
		{EF46043E-ABF9-48AC-B9DD-1F6F5D68A18C}.LLVM_Debug|Win32.Build.0 = LLVM_Debug|Win32
		{EF46043E-ABF9-48AC-B9DD-1F6F5D68A18C}.LLVM_Debug|x64.ActiveCfg = LLVM_Debug|x64
		{EF46043E-ABF9-48AC-B9DD-1F6F5D68A18C}.LLVM_Debug|x64.Build.0 = LLVM_Debug|x64
		{EF46043E-ABF9-48AC-B9DD-1F6F5D68A18C}.LLVM_Release|ARM.ActiveCfg = LLVM_Release|Win32
		{EF46043E-ABF9-48AC-B9DD-1F6F5D68A18C}.LLVM_Release|Mixed Platforms.ActiveCfg = LLVM_Release|Win32
		{EF46043E-ABF9-48AC-B9DD-1F6F5D68A18C}.LLVM_Release|Mixed Platforms.Build.0 = LLVM_Release|Win32
		{EF46043E-ABF9-48AC-B9DD-1F6F5D68A18C}.LLVM_Release|Win32.ActiveCfg = LLVM_Release|Win32
		{EF46043E-ABF9-48AC-B9DD-1F6F5D68A18C}.LLVM_Release|Win32.Build.0 = LLVM_Release|Win32
		{EF46043E-ABF9-48AC-B9DD-1F6F5D68A18C}.LLVM_Release|x64.ActiveCfg = LLVM_Release|x64
		{EF46043E-ABF9-48AC-B9DD-1F6F5D68A18C}.LLVM_Release|x64.Build.0 = LLVM_Release|x64
		{EF46043E-ABF9-48AC-B9DD-1F6F5D68A18C}.Release|ARM.ActiveCfg = Release|Win32
		{EF46043E-ABF9-48AC-B9DD-1F6F5D68A18C}.Release|ARM.Build.0 = Release|Win32
		{EF46043E-ABF9-48AC-B9DD-1F6F5D68A18C}.Release|Mixed Platforms.ActiveCfg = Release|Win32
		{EF46043E-ABF9-48AC-B9DD-1F6F5D68A18C}.Release|Mixed Platforms.Build.0 = Release|Win32
		{EF46043E-ABF9-48AC-B9DD-1F6F5D68A18C}.Release|Win32.ActiveCfg = Release|Win32
		{EF46043E-ABF9-48AC-B9DD-1F6F5D68A18C}.Release|Win32.Build.0 = Release|Win32
		{EF46043E-ABF9-48AC-B9DD-1F6F5D68A18C}.Release|x64.ActiveCfg = Release|x64
		{EF46043E-ABF9-48AC-B9DD-1F6F5D68A18C}.Release|x64.Build.0 = Release|x64
		{A4A70B46-BDD4-469D-A2B7-496E0FF206E2}.Debug|ARM.ActiveCfg = Debug|Win32
		{A4A70B46-BDD4-469D-A2B7-496E0FF206E2}.Debug|Mixed Platforms.ActiveCfg = Debug|Win32
		{A4A70B46-BDD4-469D-A2B7-496E0FF206E2}.Debug|Mixed Platforms.Build.0 = Debug|Win32
		{A4A70B46-BDD4-469D-A2B7-496E0FF206E2}.Debug|Win32.ActiveCfg = Debug|Win32
		{A4A70B46-BDD4-469D-A2B7-496E0FF206E2}.Debug|Win32.Build.0 = Debug|Win32
		{A4A70B46-BDD4-469D-A2B7-496E0FF206E2}.Debug|x64.ActiveCfg = Debug|x64
		{A4A70B46-BDD4-469D-A2B7-496E0FF206E2}.Debug|x64.Build.0 = Debug|x64
		{A4A70B46-BDD4-469D-A2B7-496E0FF206E2}.LLVM_Debug|ARM.ActiveCfg = LLVM_Debug|Win32
		{A4A70B46-BDD4-469D-A2B7-496E0FF206E2}.LLVM_Debug|Mixed Platforms.ActiveCfg = LLVM_Debug|Win32
		{A4A70B46-BDD4-469D-A2B7-496E0FF206E2}.LLVM_Debug|Mixed Platforms.Build.0 = LLVM_Debug|Win32
		{A4A70B46-BDD4-469D-A2B7-496E0FF206E2}.LLVM_Debug|Win32.ActiveCfg = LLVM_Debug|Win32
		{A4A70B46-BDD4-469D-A2B7-496E0FF206E2}.LLVM_Debug|Win32.Build.0 = LLVM_Debug|Win32
		{A4A70B46-BDD4-469D-A2B7-496E0FF206E2}.LLVM_Debug|x64.ActiveCfg = LLVM_Debug|x64
		{A4A70B46-BDD4-469D-A2B7-496E0FF206E2}.LLVM_Debug|x64.Build.0 = LLVM_Debug|x64
		{A4A70B46-BDD4-469D-A2B7-496E0FF206E2}.LLVM_Release|ARM.ActiveCfg = LLVM_Release|Win32
		{A4A70B46-BDD4-469D-A2B7-496E0FF206E2}.LLVM_Release|Mixed Platforms.ActiveCfg = LLVM_Release|Win32
		{A4A70B46-BDD4-469D-A2B7-496E0FF206E2}.LLVM_Release|Mixed Platforms.Build.0 = LLVM_Release|Win32
		{A4A70B46-BDD4-469D-A2B7-496E0FF206E2}.LLVM_Release|Win32.ActiveCfg = LLVM_Release|Win32
		{A4A70B46-BDD4-469D-A2B7-496E0FF206E2}.LLVM_Release|Win32.Build.0 = LLVM_Release|Win32
		{A4A70B46-BDD4-469D-A2B7-496E0FF206E2}.LLVM_Release|x64.ActiveCfg = LLVM_Release|x64
		{A4A70B46-BDD4-469D-A2B7-496E0FF206E2}.LLVM_Release|x64.Build.0 = LLVM_Release|x64
		{A4A70B46-BDD4-469D-A2B7-496E0FF206E2}.Release|ARM.ActiveCfg = Release|Win32
		{A4A70B46-BDD4-469D-A2B7-496E0FF206E2}.Release|Mixed Platforms.ActiveCfg = Release|Win32
		{A4A70B46-BDD4-469D-A2B7-496E0FF206E2}.Release|Mixed Platforms.Build.0 = Release|Win32
		{A4A70B46-BDD4-469D-A2B7-496E0FF206E2}.Release|Win32.ActiveCfg = Release|Win32
		{A4A70B46-BDD4-469D-A2B7-496E0FF206E2}.Release|Win32.Build.0 = Release|Win32
		{A4A70B46-BDD4-469D-A2B7-496E0FF206E2}.Release|x64.ActiveCfg = Release|x64
		{A4A70B46-BDD4-469D-A2B7-496E0FF206E2}.Release|x64.Build.0 = Release|x64
		{39E9786D-11A9-4451-B380-CF4928FEEE66}.Debug|ARM.ActiveCfg = Debug|Win32
		{39E9786D-11A9-4451-B380-CF4928FEEE66}.Debug|Mixed Platforms.ActiveCfg = Debug|Win32
		{39E9786D-11A9-4451-B380-CF4928FEEE66}.Debug|Mixed Platforms.Build.0 = Debug|Win32
		{39E9786D-11A9-4451-B380-CF4928FEEE66}.Debug|Win32.ActiveCfg = Debug|Win32
		{39E9786D-11A9-4451-B380-CF4928FEEE66}.Debug|Win32.Build.0 = Debug|Win32
		{39E9786D-11A9-4451-B380-CF4928FEEE66}.Debug|x64.ActiveCfg = Debug|x64
		{39E9786D-11A9-4451-B380-CF4928FEEE66}.Debug|x64.Build.0 = Debug|x64
		{39E9786D-11A9-4451-B380-CF4928FEEE66}.LLVM_Debug|ARM.ActiveCfg = LLVM_Debug|Win32
		{39E9786D-11A9-4451-B380-CF4928FEEE66}.LLVM_Debug|Mixed Platforms.ActiveCfg = LLVM_Debug|Win32
		{39E9786D-11A9-4451-B380-CF4928FEEE66}.LLVM_Debug|Mixed Platforms.Build.0 = LLVM_Debug|Win32
		{39E9786D-11A9-4451-B380-CF4928FEEE66}.LLVM_Debug|Win32.ActiveCfg = LLVM_Debug|Win32
		{39E9786D-11A9-4451-B380-CF4928FEEE66}.LLVM_Debug|Win32.Build.0 = LLVM_Debug|Win32
		{39E9786D-11A9-4451-B380-CF4928FEEE66}.LLVM_Debug|x64.ActiveCfg = LLVM_Debug|x64
		{39E9786D-11A9-4451-B380-CF4928FEEE66}.LLVM_Debug|x64.Build.0 = LLVM_Debug|x64
		{39E9786D-11A9-4451-B380-CF4928FEEE66}.LLVM_Release|ARM.ActiveCfg = LLVM_Release|Win32
		{39E9786D-11A9-4451-B380-CF4928FEEE66}.LLVM_Release|Mixed Platforms.ActiveCfg = LLVM_Release|Win32
		{39E9786D-11A9-4451-B380-CF4928FEEE66}.LLVM_Release|Mixed Platforms.Build.0 = LLVM_Release|Win32
		{39E9786D-11A9-4451-B380-CF4928FEEE66}.LLVM_Release|Win32.ActiveCfg = LLVM_Release|Win32
		{39E9786D-11A9-4451-B380-CF4928FEEE66}.LLVM_Release|Win32.Build.0 = LLVM_Release|Win32
		{39E9786D-11A9-4451-B380-CF4928FEEE66}.LLVM_Release|x64.ActiveCfg = LLVM_Release|x64
		{39E9786D-11A9-4451-B380-CF4928FEEE66}.LLVM_Release|x64.Build.0 = LLVM_Release|x64
		{39E9786D-11A9-4451-B380-CF4928FEEE66}.Release|ARM.ActiveCfg = Release|Win32
		{39E9786D-11A9-4451-B380-CF4928FEEE66}.Release|Mixed Platforms.ActiveCfg = Release|Win32
		{39E9786D-11A9-4451-B380-CF4928FEEE66}.Release|Mixed Platforms.Build.0 = Release|Win32
		{39E9786D-11A9-4451-B380-CF4928FEEE66}.Release|Win32.ActiveCfg = Release|Win32
		{39E9786D-11A9-4451-B380-CF4928FEEE66}.Release|Win32.Build.0 = Release|Win32
		{39E9786D-11A9-4451-B380-CF4928FEEE66}.Release|x64.ActiveCfg = Release|x64
		{39E9786D-11A9-4451-B380-CF4928FEEE66}.Release|x64.Build.0 = Release|x64
	EndGlobalSection
	GlobalSection(SolutionProperties) = preSolution
		HideSolutionNode = FALSE
	EndGlobalSection
EndGlobal
