
Microsoft Visual Studio Solution File, Format Version 12.00
# Visual Studio 14
VisualStudioVersion = 14.0.22823.1
MinimumVisualStudioVersion = 10.0.40219.1
Project("{8BC9CEB8-8B4A-11D0-8D11-00A0C91BC942}") = "Core.Application", "Source\Core.Application\Core.Application.vcxproj", "{AB401413-6C94-4F93-BC2A-7F5284B7D434}"
EndProject
Project("{8BC9CEB8-8B4A-11D0-8D11-00A0C91BC942}") = "Core.ContentGenerator", "Source\Core.ContentGenerator\Core.ContentGenerator.vcxproj", "{5E741268-6C94-4F93-BC2A-7F5284B7D434}"
EndProject
Project("{8BC9CEB8-8B4A-11D0-8D11-00A0C91BC942}") = "Core.ContentPipeline", "Source\Core.ContentPipeline\Core.ContentPipeline.vcxproj", "{B365443F-6C94-4F93-BC2A-7F5284B7D434}"
EndProject
Project("{8BC9CEB8-8B4A-11D0-8D11-00A0C91BC942}") = "Core.Engine", "Source\Core.Engine\Core.Engine.vcxproj", "{A859B141-6C94-4F93-BC2A-7F5284B7D434}"
EndProject
Project("{8BC9CEB8-8B4A-11D0-8D11-00A0C91BC942}") = "Core.Graphics", "Source\Core.Graphics\Core.Graphics.vcxproj", "{E556C316-6C94-4F93-BC2A-7F5284B7D434}"
EndProject
Project("{8BC9CEB8-8B4A-11D0-8D11-00A0C91BC942}") = "Core.Logic", "Source\Core.Logic\Core.Logic.vcxproj", "{B5ABEDF3-6C94-4F93-BC2A-7F5284B7D434}"
EndProject
Project("{8BC9CEB8-8B4A-11D0-8D11-00A0C91BC942}") = "Core.RTTI", "Source\Core.RTTI\Core.RTTI.vcxproj", "{34A0DA96-6C94-4F93-BC2A-7F5284B7D434}"
EndProject
Project("{8BC9CEB8-8B4A-11D0-8D11-00A0C91BC942}") = "Core.Serialize", "Source\Core.Serialize\Core.Serialize.vcxproj", "{1DA7B718-6C94-4F93-BC2A-7F5284B7D434}"
EndProject
Project("{8BC9CEB8-8B4A-11D0-8D11-00A0C91BC942}") = "Core.Test", "Source\Core.Test\Core.Test.vcxproj", "{4086D486-6C94-4F93-BC2A-7F5284B7D434}"
EndProject
Project("{8BC9CEB8-8B4A-11D0-8D11-00A0C91BC942}") = "Core", "Source\Core\Core.vcxproj", "{AB13FEBB-6C94-4F93-BC2A-7F5284B7D434}"
EndProject
Global
	GlobalSection(SolutionConfigurationPlatforms) = preSolution
		Debug|x64 = Debug|x64
		Debug|x86 = Debug|x86
		FastDebug|x64 = FastDebug|x64
		FastDebug|x86 = FastDebug|x86
		Final|x64 = Final|x64
		Final|x86 = Final|x86
		Profiling|x64 = Profiling|x64
		Profiling|x86 = Profiling|x86
		Release|x64 = Release|x64
		Release|x86 = Release|x86
	EndGlobalSection
	GlobalSection(ProjectConfigurationPlatforms) = postSolution
		{AB401413-6C94-4F93-BC2A-7F5284B7D434}.Debug|x64.ActiveCfg = Debug|x64
		{AB401413-6C94-4F93-BC2A-7F5284B7D434}.Debug|x86.ActiveCfg = Debug|Win32
		{AB401413-6C94-4F93-BC2A-7F5284B7D434}.FastDebug|x64.ActiveCfg = FastDebug|x64
		{AB401413-6C94-4F93-BC2A-7F5284B7D434}.FastDebug|x86.ActiveCfg = FastDebug|Win32
		{AB401413-6C94-4F93-BC2A-7F5284B7D434}.Final|x64.ActiveCfg = Final|x64
		{AB401413-6C94-4F93-BC2A-7F5284B7D434}.Final|x86.ActiveCfg = Final|Win32
		{AB401413-6C94-4F93-BC2A-7F5284B7D434}.Profiling|x64.ActiveCfg = Profiling|x64
		{AB401413-6C94-4F93-BC2A-7F5284B7D434}.Profiling|x86.ActiveCfg = Profiling|Win32
		{AB401413-6C94-4F93-BC2A-7F5284B7D434}.Release|x64.ActiveCfg = Release|x64
		{AB401413-6C94-4F93-BC2A-7F5284B7D434}.Release|x86.ActiveCfg = Release|Win32
		{5E741268-6C94-4F93-BC2A-7F5284B7D434}.Debug|x64.ActiveCfg = Debug|x64
		{5E741268-6C94-4F93-BC2A-7F5284B7D434}.Debug|x64.Build.0 = Debug|x64
		{5E741268-6C94-4F93-BC2A-7F5284B7D434}.Debug|x86.ActiveCfg = Debug|Win32
		{5E741268-6C94-4F93-BC2A-7F5284B7D434}.Debug|x86.Build.0 = Debug|Win32
		{5E741268-6C94-4F93-BC2A-7F5284B7D434}.FastDebug|x64.ActiveCfg = FastDebug|x64
		{5E741268-6C94-4F93-BC2A-7F5284B7D434}.FastDebug|x64.Build.0 = FastDebug|x64
		{5E741268-6C94-4F93-BC2A-7F5284B7D434}.FastDebug|x86.ActiveCfg = FastDebug|Win32
		{5E741268-6C94-4F93-BC2A-7F5284B7D434}.FastDebug|x86.Build.0 = FastDebug|Win32
		{5E741268-6C94-4F93-BC2A-7F5284B7D434}.Final|x64.ActiveCfg = Final|x64
		{5E741268-6C94-4F93-BC2A-7F5284B7D434}.Final|x64.Build.0 = Final|x64
		{5E741268-6C94-4F93-BC2A-7F5284B7D434}.Final|x86.ActiveCfg = Final|Win32
		{5E741268-6C94-4F93-BC2A-7F5284B7D434}.Final|x86.Build.0 = Final|Win32
		{5E741268-6C94-4F93-BC2A-7F5284B7D434}.Profiling|x64.ActiveCfg = Profiling|x64
		{5E741268-6C94-4F93-BC2A-7F5284B7D434}.Profiling|x64.Build.0 = Profiling|x64
		{5E741268-6C94-4F93-BC2A-7F5284B7D434}.Profiling|x86.ActiveCfg = Profiling|Win32
		{5E741268-6C94-4F93-BC2A-7F5284B7D434}.Profiling|x86.Build.0 = Profiling|Win32
		{5E741268-6C94-4F93-BC2A-7F5284B7D434}.Release|x64.ActiveCfg = Release|x64
		{5E741268-6C94-4F93-BC2A-7F5284B7D434}.Release|x64.Build.0 = Release|x64
		{5E741268-6C94-4F93-BC2A-7F5284B7D434}.Release|x86.ActiveCfg = Release|Win32
		{5E741268-6C94-4F93-BC2A-7F5284B7D434}.Release|x86.Build.0 = Release|Win32
		{B365443F-6C94-4F93-BC2A-7F5284B7D434}.Debug|x64.ActiveCfg = Debug|x64
		{B365443F-6C94-4F93-BC2A-7F5284B7D434}.Debug|x86.ActiveCfg = Debug|Win32
		{B365443F-6C94-4F93-BC2A-7F5284B7D434}.FastDebug|x64.ActiveCfg = FastDebug|x64
		{B365443F-6C94-4F93-BC2A-7F5284B7D434}.FastDebug|x86.ActiveCfg = FastDebug|Win32
		{B365443F-6C94-4F93-BC2A-7F5284B7D434}.Final|x64.ActiveCfg = Final|x64
		{B365443F-6C94-4F93-BC2A-7F5284B7D434}.Final|x86.ActiveCfg = Final|Win32
		{B365443F-6C94-4F93-BC2A-7F5284B7D434}.Profiling|x64.ActiveCfg = Profiling|x64
		{B365443F-6C94-4F93-BC2A-7F5284B7D434}.Profiling|x86.ActiveCfg = Profiling|Win32
		{B365443F-6C94-4F93-BC2A-7F5284B7D434}.Release|x64.ActiveCfg = Release|x64
		{B365443F-6C94-4F93-BC2A-7F5284B7D434}.Release|x86.ActiveCfg = Release|Win32
		{A859B141-6C94-4F93-BC2A-7F5284B7D434}.Debug|x64.ActiveCfg = Debug|x64
		{A859B141-6C94-4F93-BC2A-7F5284B7D434}.Debug|x86.ActiveCfg = Debug|Win32
		{A859B141-6C94-4F93-BC2A-7F5284B7D434}.FastDebug|x64.ActiveCfg = FastDebug|x64
		{A859B141-6C94-4F93-BC2A-7F5284B7D434}.FastDebug|x86.ActiveCfg = FastDebug|Win32
		{A859B141-6C94-4F93-BC2A-7F5284B7D434}.Final|x64.ActiveCfg = Final|x64
		{A859B141-6C94-4F93-BC2A-7F5284B7D434}.Final|x86.ActiveCfg = Final|Win32
		{A859B141-6C94-4F93-BC2A-7F5284B7D434}.Profiling|x64.ActiveCfg = Profiling|x64
		{A859B141-6C94-4F93-BC2A-7F5284B7D434}.Profiling|x86.ActiveCfg = Profiling|Win32
		{A859B141-6C94-4F93-BC2A-7F5284B7D434}.Release|x64.ActiveCfg = Release|x64
		{A859B141-6C94-4F93-BC2A-7F5284B7D434}.Release|x86.ActiveCfg = Release|Win32
		{E556C316-6C94-4F93-BC2A-7F5284B7D434}.Debug|x64.ActiveCfg = Debug|x64
		{E556C316-6C94-4F93-BC2A-7F5284B7D434}.Debug|x86.ActiveCfg = Debug|Win32
		{E556C316-6C94-4F93-BC2A-7F5284B7D434}.FastDebug|x64.ActiveCfg = FastDebug|x64
		{E556C316-6C94-4F93-BC2A-7F5284B7D434}.FastDebug|x86.ActiveCfg = FastDebug|Win32
		{E556C316-6C94-4F93-BC2A-7F5284B7D434}.Final|x64.ActiveCfg = Final|x64
		{E556C316-6C94-4F93-BC2A-7F5284B7D434}.Final|x86.ActiveCfg = Final|Win32
		{E556C316-6C94-4F93-BC2A-7F5284B7D434}.Profiling|x64.ActiveCfg = Profiling|x64
		{E556C316-6C94-4F93-BC2A-7F5284B7D434}.Profiling|x86.ActiveCfg = Profiling|Win32
		{E556C316-6C94-4F93-BC2A-7F5284B7D434}.Release|x64.ActiveCfg = Release|x64
		{E556C316-6C94-4F93-BC2A-7F5284B7D434}.Release|x86.ActiveCfg = Release|Win32
		{B5ABEDF3-6C94-4F93-BC2A-7F5284B7D434}.Debug|x64.ActiveCfg = Debug|x64
		{B5ABEDF3-6C94-4F93-BC2A-7F5284B7D434}.Debug|x86.ActiveCfg = Debug|Win32
		{B5ABEDF3-6C94-4F93-BC2A-7F5284B7D434}.FastDebug|x64.ActiveCfg = FastDebug|x64
		{B5ABEDF3-6C94-4F93-BC2A-7F5284B7D434}.FastDebug|x86.ActiveCfg = FastDebug|Win32
		{B5ABEDF3-6C94-4F93-BC2A-7F5284B7D434}.Final|x64.ActiveCfg = Final|x64
		{B5ABEDF3-6C94-4F93-BC2A-7F5284B7D434}.Final|x86.ActiveCfg = Final|Win32
		{B5ABEDF3-6C94-4F93-BC2A-7F5284B7D434}.Profiling|x64.ActiveCfg = Profiling|x64
		{B5ABEDF3-6C94-4F93-BC2A-7F5284B7D434}.Profiling|x86.ActiveCfg = Profiling|Win32
		{B5ABEDF3-6C94-4F93-BC2A-7F5284B7D434}.Release|x64.ActiveCfg = Release|x64
		{B5ABEDF3-6C94-4F93-BC2A-7F5284B7D434}.Release|x86.ActiveCfg = Release|Win32
		{34A0DA96-6C94-4F93-BC2A-7F5284B7D434}.Debug|x64.ActiveCfg = Debug|x64
		{34A0DA96-6C94-4F93-BC2A-7F5284B7D434}.Debug|x86.ActiveCfg = Debug|Win32
		{34A0DA96-6C94-4F93-BC2A-7F5284B7D434}.FastDebug|x64.ActiveCfg = FastDebug|x64
		{34A0DA96-6C94-4F93-BC2A-7F5284B7D434}.FastDebug|x86.ActiveCfg = FastDebug|Win32
		{34A0DA96-6C94-4F93-BC2A-7F5284B7D434}.Final|x64.ActiveCfg = Final|x64
		{34A0DA96-6C94-4F93-BC2A-7F5284B7D434}.Final|x86.ActiveCfg = Final|Win32
		{34A0DA96-6C94-4F93-BC2A-7F5284B7D434}.Profiling|x64.ActiveCfg = Profiling|x64
		{34A0DA96-6C94-4F93-BC2A-7F5284B7D434}.Profiling|x86.ActiveCfg = Profiling|Win32
		{34A0DA96-6C94-4F93-BC2A-7F5284B7D434}.Release|x64.ActiveCfg = Release|x64
		{34A0DA96-6C94-4F93-BC2A-7F5284B7D434}.Release|x86.ActiveCfg = Release|Win32
		{1DA7B718-6C94-4F93-BC2A-7F5284B7D434}.Debug|x64.ActiveCfg = Debug|x64
		{1DA7B718-6C94-4F93-BC2A-7F5284B7D434}.Debug|x86.ActiveCfg = Debug|Win32
		{1DA7B718-6C94-4F93-BC2A-7F5284B7D434}.FastDebug|x64.ActiveCfg = FastDebug|x64
		{1DA7B718-6C94-4F93-BC2A-7F5284B7D434}.FastDebug|x86.ActiveCfg = FastDebug|Win32
		{1DA7B718-6C94-4F93-BC2A-7F5284B7D434}.Final|x64.ActiveCfg = Final|x64
		{1DA7B718-6C94-4F93-BC2A-7F5284B7D434}.Final|x86.ActiveCfg = Final|Win32
		{1DA7B718-6C94-4F93-BC2A-7F5284B7D434}.Profiling|x64.ActiveCfg = Profiling|x64
		{1DA7B718-6C94-4F93-BC2A-7F5284B7D434}.Profiling|x86.ActiveCfg = Profiling|Win32
		{1DA7B718-6C94-4F93-BC2A-7F5284B7D434}.Release|x64.ActiveCfg = Release|x64
		{1DA7B718-6C94-4F93-BC2A-7F5284B7D434}.Release|x86.ActiveCfg = Release|Win32
		{4086D486-6C94-4F93-BC2A-7F5284B7D434}.Debug|x64.ActiveCfg = Debug|x64
		{4086D486-6C94-4F93-BC2A-7F5284B7D434}.Debug|x86.ActiveCfg = Debug|Win32
		{4086D486-6C94-4F93-BC2A-7F5284B7D434}.FastDebug|x64.ActiveCfg = FastDebug|x64
		{4086D486-6C94-4F93-BC2A-7F5284B7D434}.FastDebug|x86.ActiveCfg = FastDebug|Win32
		{4086D486-6C94-4F93-BC2A-7F5284B7D434}.Final|x64.ActiveCfg = Final|x64
		{4086D486-6C94-4F93-BC2A-7F5284B7D434}.Final|x86.ActiveCfg = Final|Win32
		{4086D486-6C94-4F93-BC2A-7F5284B7D434}.Profiling|x64.ActiveCfg = Profiling|x64
		{4086D486-6C94-4F93-BC2A-7F5284B7D434}.Profiling|x86.ActiveCfg = Profiling|Win32
		{4086D486-6C94-4F93-BC2A-7F5284B7D434}.Release|x64.ActiveCfg = Release|x64
		{4086D486-6C94-4F93-BC2A-7F5284B7D434}.Release|x86.ActiveCfg = Release|Win32
		{AB13FEBB-6C94-4F93-BC2A-7F5284B7D434}.Debug|x64.ActiveCfg = Debug|x64
		{AB13FEBB-6C94-4F93-BC2A-7F5284B7D434}.Debug|x86.ActiveCfg = Debug|Win32
		{AB13FEBB-6C94-4F93-BC2A-7F5284B7D434}.FastDebug|x64.ActiveCfg = FastDebug|x64
		{AB13FEBB-6C94-4F93-BC2A-7F5284B7D434}.FastDebug|x86.ActiveCfg = FastDebug|Win32
		{AB13FEBB-6C94-4F93-BC2A-7F5284B7D434}.Final|x64.ActiveCfg = Final|x64
		{AB13FEBB-6C94-4F93-BC2A-7F5284B7D434}.Final|x86.ActiveCfg = Final|Win32
		{AB13FEBB-6C94-4F93-BC2A-7F5284B7D434}.Profiling|x64.ActiveCfg = Profiling|x64
		{AB13FEBB-6C94-4F93-BC2A-7F5284B7D434}.Profiling|x86.ActiveCfg = Profiling|Win32
		{AB13FEBB-6C94-4F93-BC2A-7F5284B7D434}.Release|x64.ActiveCfg = Release|x64
		{AB13FEBB-6C94-4F93-BC2A-7F5284B7D434}.Release|x86.ActiveCfg = Release|Win32
	EndGlobalSection
	GlobalSection(SolutionProperties) = preSolution
		HideSolutionNode = FALSE
	EndGlobalSection
EndGlobal
