<?xml version="1.0" encoding="utf-8"?>
<Project ToolsVersion="4.0" xmlns="http://schemas.microsoft.com/developer/msbuild/2003">
  <ItemGroup>
    <CustomBuild Include="Binary\BinarySerializer.cpp">
      <Filter>Binary</Filter>
    </CustomBuild>
    <CustomBuild Include="Binary\BinarySerializer.h">
      <Filter>Binary</Filter>
    </CustomBuild>
    <CustomBuild Include="Lexer\Lexer.cpp">
      <Filter>Lexer</Filter>
    </CustomBuild>
    <CustomBuild Include="Lexer\Lexer.h">
      <Filter>Lexer</Filter>
    </CustomBuild>
    <CustomBuild Include="Lexer\Location.h">
      <Filter>Lexer</Filter>
    </CustomBuild>
    <CustomBuild Include="Lexer\LookAheadReader.cpp">
      <Filter>Lexer</Filter>
    </CustomBuild>
    <CustomBuild Include="Lexer\LookAheadReader.h">
      <Filter>Lexer</Filter>
    </CustomBuild>
    <CustomBuild Include="Lexer\Match.cpp">
      <Filter>Lexer</Filter>
    </CustomBuild>
    <CustomBuild Include="Lexer\Match.h">
      <Filter>Lexer</Filter>
    </CustomBuild>
    <CustomBuild Include="Lexer\Symbol.cpp">
      <Filter>Lexer</Filter>
    </CustomBuild>
    <CustomBuild Include="Lexer\Symbol.h">
      <Filter>Lexer</Filter>
    </CustomBuild>
    <CustomBuild Include="Lexer\Symbols.cpp">
      <Filter>Lexer</Filter>
    </CustomBuild>
    <CustomBuild Include="Lexer\Symbols.h">
      <Filter>Lexer</Filter>
    </CustomBuild>
    <CustomBuild Include="Parser\ParseContext.cpp">
      <Filter>Parser</Filter>
    </CustomBuild>
    <CustomBuild Include="Parser\ParseContext.h">
      <Filter>Parser</Filter>
    </CustomBuild>
    <CustomBuild Include="Parser\ParseExpression-inl.h">
      <Filter>Parser</Filter>
    </CustomBuild>
    <CustomBuild Include="Parser\ParseExpression.cpp">
      <Filter>Parser</Filter>
    </CustomBuild>
    <CustomBuild Include="Parser\ParseExpression.h">
      <Filter>Parser</Filter>
    </CustomBuild>
    <CustomBuild Include="Parser\ParseItem.cpp">
      <Filter>Parser</Filter>
    </CustomBuild>
    <CustomBuild Include="Parser\ParseItem.h">
      <Filter>Parser</Filter>
    </CustomBuild>
    <CustomBuild Include="Parser\ParseList.cpp">
      <Filter>Parser</Filter>
    </CustomBuild>
    <CustomBuild Include="Parser\ParseList.h">
      <Filter>Parser</Filter>
    </CustomBuild>
    <CustomBuild Include="Parser\ParseProduction.h">
      <Filter>Parser</Filter>
    </CustomBuild>
    <CustomBuild Include="Parser\Parser.cpp">
      <Filter>Parser</Filter>
    </CustomBuild>
    <CustomBuild Include="Parser\Parser.h">
      <Filter>Parser</Filter>
    </CustomBuild>
    <CustomBuild Include="Parser\ParseResult.h">
      <Filter>Parser</Filter>
    </CustomBuild>
    <CustomBuild Include="Parser\ParseStatement.cpp">
      <Filter>Parser</Filter>
    </CustomBuild>
    <CustomBuild Include="Parser\ParseStatement.h">
      <Filter>Parser</Filter>
    </CustomBuild>
    <CustomBuild Include="Text\Grammar.cpp">
      <Filter>Text</Filter>
    </CustomBuild>
    <CustomBuild Include="Text\Grammar.h">
      <Filter>Text</Filter>
    </CustomBuild>
    <CustomBuild Include="Text\TextSerializer.cpp">
      <Filter>Text</Filter>
    </CustomBuild>
    <CustomBuild Include="Text\TextSerializer.h">
      <Filter>Text</Filter>
    </CustomBuild>
    <CustomBuild Include="Core.Serialize.bff">
    </CustomBuild>
    <CustomBuild Include="Exceptions.h">
    </CustomBuild>
    <CustomBuild Include="ISerializer.cpp">
    </CustomBuild>
    <CustomBuild Include="ISerializer.h">
    </CustomBuild>
    <CustomBuild Include="Serialize.cpp">
    </CustomBuild>
    <CustomBuild Include="Serialize.h">
    </CustomBuild>
    <CustomBuild Include="stdafx.cpp">
    </CustomBuild>
    <CustomBuild Include="stdafx.h">
    </CustomBuild>
    <CustomBuild Include="targetver.h">
    </CustomBuild>
  </ItemGroup>
  <ItemGroup>
    <Filter Include="Binary">
      <UniqueIdentifier>{c14cec33-6c94-4f93-bc2a-7f5284b7d434}</UniqueIdentifier>
    </Filter>
  </ItemGroup>
  <ItemGroup>
    <Filter Include="Lexer">
      <UniqueIdentifier>{abbaf37e-6c94-4f93-bc2a-7f5284b7d434}</UniqueIdentifier>
    </Filter>
  </ItemGroup>
  <ItemGroup>
    <Filter Include="Parser">
      <UniqueIdentifier>{281ec645-6c94-4f93-bc2a-7f5284b7d434}</UniqueIdentifier>
    </Filter>
  </ItemGroup>
  <ItemGroup>
    <Filter Include="Text">
      <UniqueIdentifier>{9bb908f9-6c94-4f93-bc2a-7f5284b7d434}</UniqueIdentifier>
    </Filter>
  </ItemGroup>
</Project>