<?xml version="1.0" encoding="utf-8"?>
<Project ToolsVersion="4.0" xmlns="http://schemas.microsoft.com/developer/msbuild/2003">
  <ItemGroup>
    <CustomBuild Include="Core.RTTI.bff">
    </CustomBuild>
    <CustomBuild Include="Exceptions.h">
    </CustomBuild>
    <CustomBuild Include="MetaAtom-inl.h">
    </CustomBuild>
    <CustomBuild Include="MetaAtom.cpp">
    </CustomBuild>
    <CustomBuild Include="MetaAtom.h">
    </CustomBuild>
    <CustomBuild Include="MetaAtomDatabase.cpp">
    </CustomBuild>
    <CustomBuild Include="MetaAtomDatabase.h">
    </CustomBuild>
    <CustomBuild Include="MetaAtomVisitor.cpp">
    </CustomBuild>
    <CustomBuild Include="MetaAtomVisitor.h">
    </CustomBuild>
    <CustomBuild Include="MetaClass.cpp">
    </CustomBuild>
    <CustomBuild Include="MetaClass.h">
    </CustomBuild>
    <CustomBuild Include="MetaClassDatabase.cpp">
    </CustomBuild>
    <CustomBuild Include="MetaClassDatabase.h">
    </CustomBuild>
    <CustomBuild Include="MetaClassName.cpp">
    </CustomBuild>
    <CustomBuild Include="MetaClassName.h">
    </CustomBuild>
    <CustomBuild Include="MetaObject.cpp">
    </CustomBuild>
    <CustomBuild Include="MetaObject.h">
    </CustomBuild>
    <CustomBuild Include="MetaObjectHelpers.cpp">
    </CustomBuild>
    <CustomBuild Include="MetaObjectHelpers.h">
    </CustomBuild>
    <CustomBuild Include="MetaObjectName.cpp">
    </CustomBuild>
    <CustomBuild Include="MetaObjectName.h">
    </CustomBuild>
    <CustomBuild Include="MetaProperty-inl.h">
    </CustomBuild>
    <CustomBuild Include="MetaProperty.cpp">
    </CustomBuild>
    <CustomBuild Include="MetaProperty.h">
    </CustomBuild>
    <CustomBuild Include="MetaPropertyAccessor-inl.h">
    </CustomBuild>
    <CustomBuild Include="MetaPropertyAccessor.h">
    </CustomBuild>
    <CustomBuild Include="MetaPropertyName.cpp">
    </CustomBuild>
    <CustomBuild Include="MetaPropertyName.h">
    </CustomBuild>
    <CustomBuild Include="MetaTransaction.cpp">
    </CustomBuild>
    <CustomBuild Include="MetaTransaction.h">
    </CustomBuild>
    <CustomBuild Include="MetaType.cpp">
    </CustomBuild>
    <CustomBuild Include="MetaType.Definitions-inl.h">
    </CustomBuild>
    <CustomBuild Include="MetaType.h">
    </CustomBuild>
    <CustomBuild Include="MetaTypePromote-inl.h">
    </CustomBuild>
    <CustomBuild Include="MetaTypePromote.cpp">
    </CustomBuild>
    <CustomBuild Include="MetaTypePromote.h">
    </CustomBuild>
    <CustomBuild Include="MetaTypeTraits-inl.h">
    </CustomBuild>
    <CustomBuild Include="MetaTypeTraits.h">
    </CustomBuild>
    <CustomBuild Include="MetaTypeVirtualTraits-inl.h">
    </CustomBuild>
    <CustomBuild Include="MetaTypeVirtualTraits.cpp">
    </CustomBuild>
    <CustomBuild Include="MetaTypeVirtualTraits.h">
    </CustomBuild>
    <CustomBuild Include="RTTI.cpp">
    </CustomBuild>
    <CustomBuild Include="RTTI.h">
    </CustomBuild>
    <CustomBuild Include="RTTIMacros-impl.h">
    </CustomBuild>
    <CustomBuild Include="RTTIMacros.h">
    </CustomBuild>
    <CustomBuild Include="RTTIProperties.cpp">
    </CustomBuild>
    <CustomBuild Include="RTTIProperties.h">
    </CustomBuild>
    <CustomBuild Include="RTTI_fwd.h">
    </CustomBuild>
    <CustomBuild Include="stdafx.cpp">
    </CustomBuild>
    <CustomBuild Include="stdafx.h">
    </CustomBuild>
    <CustomBuild Include="targetver.h">
    </CustomBuild>
  </ItemGroup>
  <ItemGroup>
    <ClInclude Include="RTTI_extern.h" />
  </ItemGroup>
  <ItemGroup>
    <ClCompile Include="RTTI_extern.cpp" />
  </ItemGroup>
</Project>