<?xml version="1.0" encoding="utf-8"?>
<Project ToolsVersion="4.0" xmlns="http://schemas.microsoft.com/developer/msbuild/2003">
  <ItemGroup>
    <CustomBuild Include="Http\Client.cpp">
      <Filter>Http</Filter>
    </CustomBuild>
    <CustomBuild Include="Http\Client.h">
      <Filter>Http</Filter>
    </CustomBuild>
    <CustomBuild Include="Http\ConstNames.cpp">
      <Filter>Http</Filter>
    </CustomBuild>
    <CustomBuild Include="Http\ConstNames.h">
      <Filter>Http</Filter>
    </CustomBuild>
    <CustomBuild Include="Http\Exceptions.h">
      <Filter>Http</Filter>
    </CustomBuild>
    <CustomBuild Include="Http\Header.cpp">
      <Filter>Http</Filter>
    </CustomBuild>
    <CustomBuild Include="Http\Header.h">
      <Filter>Http</Filter>
    </CustomBuild>
    <CustomBuild Include="Http\Method.cpp">
      <Filter>Http</Filter>
    </CustomBuild>
    <CustomBuild Include="Http\Method.h">
      <Filter>Http</Filter>
    </CustomBuild>
    <CustomBuild Include="Http\Request.cpp">
      <Filter>Http</Filter>
    </CustomBuild>
    <CustomBuild Include="Http\Request.h">
      <Filter>Http</Filter>
    </CustomBuild>
    <CustomBuild Include="Http\Response.cpp">
      <Filter>Http</Filter>
    </CustomBuild>
    <CustomBuild Include="Http\Response.h">
      <Filter>Http</Filter>
    </CustomBuild>
    <CustomBuild Include="Http\Status.cpp">
      <Filter>Http</Filter>
    </CustomBuild>
    <CustomBuild Include="Http\Status.h">
      <Filter>Http</Filter>
    </CustomBuild>
    <CustomBuild Include="Socket\Address.cpp">
      <Filter>Socket</Filter>
    </CustomBuild>
    <CustomBuild Include="Socket\Address.h">
      <Filter>Socket</Filter>
    </CustomBuild>
    <CustomBuild Include="Socket\Listener.cpp">
      <Filter>Socket</Filter>
    </CustomBuild>
    <CustomBuild Include="Socket\Listener.h">
      <Filter>Socket</Filter>
    </CustomBuild>
    <CustomBuild Include="Socket\Socket.cpp">
      <Filter>Socket</Filter>
    </CustomBuild>
    <CustomBuild Include="Socket\Socket.h">
      <Filter>Socket</Filter>
    </CustomBuild>
    <CustomBuild Include="Socket\SocketBuffered.cpp">
      <Filter>Socket</Filter>
    </CustomBuild>
    <CustomBuild Include="Socket\SocketBuffered.h">
      <Filter>Socket</Filter>
    </CustomBuild>
    <CustomBuild Include="Socket\SocketStream.cpp">
      <Filter>Socket</Filter>
    </CustomBuild>
    <CustomBuild Include="Socket\SocketStream.h">
      <Filter>Socket</Filter>
    </CustomBuild>
    <CustomBuild Include="Core.Network.bff">
    </CustomBuild>
    <CustomBuild Include="Exceptions.h">
    </CustomBuild>
    <CustomBuild Include="Name.cpp">
    </CustomBuild>
    <CustomBuild Include="Name.h">
    </CustomBuild>
    <CustomBuild Include="Network.cpp">
    </CustomBuild>
    <CustomBuild Include="Network.h">
    </CustomBuild>
    <CustomBuild Include="NetworkIncludes.h">
    </CustomBuild>
    <CustomBuild Include="Network_extern.cpp">
    </CustomBuild>
    <CustomBuild Include="Network_extern.h">
    </CustomBuild>
    <CustomBuild Include="Network_fwd.h">
    </CustomBuild>
    <CustomBuild Include="stdafx.cpp">
    </CustomBuild>
    <CustomBuild Include="stdafx.h">
    </CustomBuild>
    <CustomBuild Include="targetver.h">
    </CustomBuild>
    <CustomBuild Include="Uri.cpp">
    </CustomBuild>
    <CustomBuild Include="Uri.h">
    </CustomBuild>
  </ItemGroup>
  <ItemGroup>
    <Filter Include="Http">
      <UniqueIdentifier>{374aa28c-6c94-4f93-bc2a-7f5284b7d434}</UniqueIdentifier>
    </Filter>
  </ItemGroup>
  <ItemGroup>
    <Filter Include="Socket">
      <UniqueIdentifier>{02496d8d-6c94-4f93-bc2a-7f5284b7d434}</UniqueIdentifier>
    </Filter>
  </ItemGroup>
</Project>