<?xml version="1.0" encoding="utf-8"?>
<Project ToolsVersion="4.0" xmlns="http://schemas.microsoft.com/developer/msbuild/2003">
  <ItemGroup>
    <CustomBuild Include="ApplicationTest.cpp">
    </CustomBuild>
    <CustomBuild Include="ApplicationTest.h">
    </CustomBuild>
    <CustomBuild Include="Core.Test.rc">
    </CustomBuild>
    <CustomBuild Include="fbuild.bff">
    </CustomBuild>
    <CustomBuild Include="GameTest.cpp">
    </CustomBuild>
    <CustomBuild Include="GameTest.h">
    </CustomBuild>
    <CustomBuild Include="GameTest2.cpp">
    </CustomBuild>
    <CustomBuild Include="GameTest2.h">
    </CustomBuild>
    <CustomBuild Include="GameTest3.cpp">
    </CustomBuild>
    <CustomBuild Include="GameTest3.h">
    </CustomBuild>
    <CustomBuild Include="Main.cpp">
    </CustomBuild>
    <CustomBuild Include="resource.h">
    </CustomBuild>
    <CustomBuild Include="stdafx.cpp">
    </CustomBuild>
    <CustomBuild Include="stdafx.h">
    </CustomBuild>
    <CustomBuild Include="targetver.h">
    </CustomBuild>
  </ItemGroup>
</Project>