<?xml version="1.0" encoding="utf-8"?>
<Project ToolsVersion="4.0" xmlns="http://schemas.microsoft.com/developer/msbuild/2003">
  <ItemGroup>
    <CustomBuild Include="Core.Lattice.bff">
    </CustomBuild>
    <CustomBuild Include="GenericMesh-inl.h">
    </CustomBuild>
    <CustomBuild Include="GenericMesh.cpp">
    </CustomBuild>
    <CustomBuild Include="GenericMesh.h">
    </CustomBuild>
    <CustomBuild Include="GenericMeshHelpers.cpp">
    </CustomBuild>
    <CustomBuild Include="GenericMeshHelpers.h">
    </CustomBuild>
    <CustomBuild Include="GenericMesh_fwd.h">
    </CustomBuild>
    <CustomBuild Include="GeometricPrimitives.cpp">
    </CustomBuild>
    <CustomBuild Include="GeometricPrimitives.h">
    </CustomBuild>
    <CustomBuild Include="Lattice.cpp">
    </CustomBuild>
    <CustomBuild Include="Lattice.h">
    </CustomBuild>
    <CustomBuild Include="Lattice_extern.cpp">
    </CustomBuild>
    <CustomBuild Include="Lattice_extern.h">
    </CustomBuild>
    <CustomBuild Include="Lattice_fwd.h">
    </CustomBuild>
    <CustomBuild Include="ModelMaterial.cpp">
    </CustomBuild>
    <CustomBuild Include="ModelMaterial.h">
    </CustomBuild>
    <CustomBuild Include="stdafx.cpp">
    </CustomBuild>
    <CustomBuild Include="stdafx.h">
    </CustomBuild>
    <CustomBuild Include="targetver.h">
    </CustomBuild>
  </ItemGroup>
</Project>