
Microsoft Visual Studio Solution File, Format Version 12.00
# Visual Studio Version 17
VisualStudioVersion = 17.0.31717.71
MinimumVisualStudioVersion = 10.0.40219.1
Project("{9A19103F-16F7-4668-BE54-9A1E7A4F7556}") = "Editor.App", "Editor.App\Editor.App.csproj", "{792A3251-6951-46A3-8EA1-77EA01F9F844}"
EndProject
Project("{9A19103F-16F7-4668-BE54-9A1E7A4F7556}") = "Editor.Remoting", "Editor.Remoting\Editor.Remoting.csproj", "{E3574DA9-2F7E-403E-B3FF-672139A64122}"
EndProject
Global
	GlobalSection(SolutionConfigurationPlatforms) = preSolution
		Debug|Any CPU = Debug|Any CPU
		Release|Any CPU = Release|Any CPU
	EndGlobalSection
	GlobalSection(ProjectConfigurationPlatforms) = postSolution
		{792A3251-6951-46A3-8EA1-77EA01F9F844}.Debug|Any CPU.ActiveCfg = Debug|Any CPU
		{792A3251-6951-46A3-8EA1-77EA01F9F844}.Debug|Any CPU.Build.0 = Debug|Any CPU
		{792A3251-6951-46A3-8EA1-77EA01F9F844}.Debug|Any CPU.Deploy.0 = Debug|Any CPU
		{792A3251-6951-46A3-8EA1-77EA01F9F844}.Release|Any CPU.ActiveCfg = Release|Any CPU
		{792A3251-6951-46A3-8EA1-77EA01F9F844}.Release|Any CPU.Build.0 = Release|Any CPU
		{E3574DA9-2F7E-403E-B3FF-672139A64122}.Debug|Any CPU.ActiveCfg = Debug|Any CPU
		{E3574DA9-2F7E-403E-B3FF-672139A64122}.Debug|Any CPU.Build.0 = Debug|Any CPU
		{E3574DA9-2F7E-403E-B3FF-672139A64122}.Release|Any CPU.ActiveCfg = Release|Any CPU
		{E3574DA9-2F7E-403E-B3FF-672139A64122}.Release|Any CPU.Build.0 = Release|Any CPU
	EndGlobalSection
	GlobalSection(SolutionProperties) = preSolution
		HideSolutionNode = FALSE
	EndGlobalSection
	GlobalSection(ExtensibilityGlobals) = postSolution
		SolutionGuid = {12625319-F233-44AC-A2AB-2B38D333FA6A}
	EndGlobalSection
EndGlobal
