<?xml version="1.0" encoding="utf-8"?>
<Project ToolsVersion="4.0" xmlns="http://schemas.microsoft.com/developer/msbuild/2003">
  <ItemGroup>
    <CustomBuild Include="Core.ContentGenerator.bff">
    </CustomBuild>
    <CustomBuild Include="Core.ContentGenerator.rc">
    </CustomBuild>
    <CustomBuild Include="main.cpp">
    </CustomBuild>
    <CustomBuild Include="resource.h">
    </CustomBuild>
    <CustomBuild Include="RobotApp.cpp">
    </CustomBuild>
    <CustomBuild Include="RobotApp.h">
    </CustomBuild>
    <CustomBuild Include="stdafx.cpp">
    </CustomBuild>
    <CustomBuild Include="stdafx.h">
    </CustomBuild>
    <CustomBuild Include="targetver.h">
    </CustomBuild>
    <CustomBuild Include="Test_Containers.cpp">
    </CustomBuild>
    <CustomBuild Include="Test_Format.cpp">
    </CustomBuild>
    <CustomBuild Include="Test_Pixmap.cpp">
    </CustomBuild>
    <CustomBuild Include="Test_RTTI.cpp">
    </CustomBuild>
    <CustomBuild Include="Test_Thread.cpp">
    </CustomBuild>
    <CustomBuild Include="Text_XML.cpp">
    </CustomBuild>
  </ItemGroup>
</Project>